
Microsoft Visual Studio Solution File, Format Version 12.00
# Visual Studio 2013
VisualStudioVersion = 12.0.30723.0
MinimumVisualStudioVersion = 10.0.40219.1
Project("{FAE04EC0-301F-11D3-BF4B-00C04F79EFBC}") = "Lime.Web", "Lime.Web\Lime.Web.csproj", "{7017CC97-1450-4851-A39A-B4A611BC2AA0}"
EndProject
Project("{2150E333-8FDC-42A3-9474-1A3956D46DE8}") = "Solution items", "Solution items", "{B5C3B9C9-FDAD-4CF1-87F0-133A31090FE9}"
	ProjectSection(SolutionItems) = preProject
		..\LICENSE = ..\LICENSE
		..\README.md = ..\README.md
		Takenet.Lime.Protocol.pfx = Takenet.Lime.Protocol.pfx
	EndProjectSection
EndProject
Project("{FAE04EC0-301F-11D3-BF4B-00C04F79EFBC}") = "Lime.Protocol.UnitTests", "Lime.Protocol.UnitTests\Lime.Protocol.UnitTests.csproj", "{1C6D3DB7-ECF0-4013-80EE-76688AED4176}"
EndProject
Project("{FAE04EC0-301F-11D3-BF4B-00C04F79EFBC}") = "Lime.Protocol.Serialization.Newtonsoft", "Lime.Protocol.Serialization.Newtonsoft\Lime.Protocol.Serialization.Newtonsoft.csproj", "{07EF6707-B284-4068-9B2F-48998782BC9F}"
EndProject
Project("{FAE04EC0-301F-11D3-BF4B-00C04F79EFBC}") = "Lime.Protocol.Serialization.Newtonsoft.UnitTests", "Lime.Protocol.Serialization.Newtonsoft.UnitTests\Lime.Protocol.Serialization.Newtonsoft.UnitTests.csproj", "{C51D26F4-E780-4BDE-84FC-AADC6AE63D5B}"
EndProject
Project("{2150E333-8FDC-42A3-9474-1A3956D46DE8}") = "Serialization", "Serialization", "{AFDCE25A-4480-4ED6-8C8F-A41E30ED6689}"
EndProject
Project("{FAE04EC0-301F-11D3-BF4B-00C04F79EFBC}") = "Lime.Protocol.Tcp.UnitTests", "Lime.Protocol.Tcp.UnitTests\Lime.Protocol.Tcp.UnitTests.csproj", "{690CB13D-5BFC-4D2E-B23C-64BD00B7AF6F}"
EndProject
Project("{2150E333-8FDC-42A3-9474-1A3956D46DE8}") = ".nuget", ".nuget", "{073E3A89-9952-4B92-80B2-DA9F443551AD}"
	ProjectSection(SolutionItems) = preProject
		.nuget\NuGet.Config = .nuget\NuGet.Config
		.nuget\NuGet.exe = .nuget\NuGet.exe
		.nuget\NuGet.targets = .nuget\NuGet.targets
	EndProjectSection
EndProject
Project("{FAE04EC0-301F-11D3-BF4B-00C04F79EFBC}") = "Lime.Client.Windows", "Lime.Client.Windows\Lime.Client.Windows.csproj", "{1847098B-FE9E-4E40-AA69-9E70FAF5D06E}"
EndProject
Project("{2150E333-8FDC-42A3-9474-1A3956D46DE8}") = "Client", "Client", "{9827B4C3-A069-4229-A51A-55E71B94F50C}"
EndProject
Project("{FAE04EC0-301F-11D3-BF4B-00C04F79EFBC}") = "Lime.Client.Console", "Lime.Client.Console\Lime.Client.Console.csproj", "{9CE8A3B9-5900-4D8B-81A6-C33513553E97}"
EndProject
Project("{FAE04EC0-301F-11D3-BF4B-00C04F79EFBC}") = "Lime.Client.TestConsole", "Lime.Client.TestConsole\Lime.Client.TestConsole.csproj", "{9E13148D-726D-4E42-B924-4A1AF4F0DC3E}"
EndProject
Project("{D954291E-2A0B-460D-934E-DC6B0785DB48}") = "Lime.Protocol", "Lime.Protocol\Lime.Protocol\Lime.Protocol.shproj", "{D12C1153-A423-40C6-A611-85C659CAEB7B}"
EndProject
Project("{FAE04EC0-301F-11D3-BF4B-00C04F79EFBC}") = "Lime.Protocol.Net45", "Lime.Protocol\Lime.Protocol.Net45\Lime.Protocol.Net45.csproj", "{0CFEE3A4-F914-4C45-BE13-A344C9CFA134}"
EndProject
Project("{D954291E-2A0B-460D-934E-DC6B0785DB48}") = "Lime.Protocol.Tcp", "Lime.Protocol.Tcp\Lime.Protocol.Tcp\Lime.Protocol.Tcp.shproj", "{968A35EF-0800-4F7E-9C93-F444D80A4DA9}"
EndProject
Project("{FAE04EC0-301F-11D3-BF4B-00C04F79EFBC}") = "Lime.Protocol.Tcp.Net45", "Lime.Protocol.Tcp\Lime.Protocol.Tcp.Net45\Lime.Protocol.Tcp.Net45.csproj", "{D24B4EF4-9B8C-4F89-BFC6-F76007936382}"
EndProject
Project("{FAE04EC0-301F-11D3-BF4B-00C04F79EFBC}") = "Lime.Protocol.Android", "Lime.Protocol\Lime.Protocol.Android\Lime.Protocol.Android.csproj", "{DED26D13-381A-4235-9B68-48387FAD03C7}"
EndProject
Project("{FAE04EC0-301F-11D3-BF4B-00C04F79EFBC}") = "Lime.Protocol.Tcp.Android", "Lime.Protocol.Tcp\Lime.Protocol.Tcp.Android\Lime.Protocol.Tcp.Android.csproj", "{01510C3E-0D18-45B4-8AEF-57403D248EDD}"
EndProject
Project("{2150E333-8FDC-42A3-9474-1A3956D46DE8}") = "Platforms", "Platforms", "{52CC8E05-71B2-4F03-A98B-867540206F15}"
EndProject
Global
	GlobalSection(SharedMSBuildProjectFiles) = preSolution
		Lime.Protocol\Lime.Protocol\Lime.Protocol.projitems*{ded26d13-381a-4235-9b68-48387fad03c7}*SharedItemsImports = 4
		Lime.Protocol.Tcp\Lime.Protocol.Tcp\Lime.Protocol.Tcp.projitems*{d24b4ef4-9b8c-4f89-bfc6-f76007936382}*SharedItemsImports = 4
		Lime.Protocol\Lime.Protocol\Lime.Protocol.projitems*{d12c1153-a423-40c6-a611-85c659caeb7b}*SharedItemsImports = 13
		Lime.Protocol\Lime.Protocol\Lime.Protocol.projitems*{0cfee3a4-f914-4c45-be13-a344c9cfa134}*SharedItemsImports = 4
		Lime.Protocol.Tcp\Lime.Protocol.Tcp\Lime.Protocol.Tcp.projitems*{690cb13d-5bfc-4d2e-b23c-64bd00b7af6f}*SharedItemsImports = 4
		Lime.Protocol.Tcp\Lime.Protocol.Tcp\Lime.Protocol.Tcp.projitems*{968a35ef-0800-4f7e-9c93-f444d80a4da9}*SharedItemsImports = 13
	EndGlobalSection
	GlobalSection(SolutionConfigurationPlatforms) = preSolution
		Ad-Hoc|Any CPU = Ad-Hoc|Any CPU
		Ad-Hoc|ARM = Ad-Hoc|ARM
		Ad-Hoc|iPhone = Ad-Hoc|iPhone
		Ad-Hoc|iPhoneSimulator = Ad-Hoc|iPhoneSimulator
		Ad-Hoc|Mixed Platforms = Ad-Hoc|Mixed Platforms
		Ad-Hoc|x86 = Ad-Hoc|x86
		AppStore|Any CPU = AppStore|Any CPU
		AppStore|ARM = AppStore|ARM
		AppStore|iPhone = AppStore|iPhone
		AppStore|iPhoneSimulator = AppStore|iPhoneSimulator
		AppStore|Mixed Platforms = AppStore|Mixed Platforms
		AppStore|x86 = AppStore|x86
		Debug|Any CPU = Debug|Any CPU
		Debug|ARM = Debug|ARM
		Debug|iPhone = Debug|iPhone
		Debug|iPhoneSimulator = Debug|iPhoneSimulator
		Debug|Mixed Platforms = Debug|Mixed Platforms
		Debug|x86 = Debug|x86
		Release|Any CPU = Release|Any CPU
		Release|ARM = Release|ARM
		Release|iPhone = Release|iPhone
		Release|iPhoneSimulator = Release|iPhoneSimulator
		Release|Mixed Platforms = Release|Mixed Platforms
		Release|x86 = Release|x86
	EndGlobalSection
	GlobalSection(ProjectConfigurationPlatforms) = postSolution
		{7017CC97-1450-4851-A39A-B4A611BC2AA0}.Ad-Hoc|Any CPU.ActiveCfg = Release|Any CPU
		{7017CC97-1450-4851-A39A-B4A611BC2AA0}.Ad-Hoc|Any CPU.Build.0 = Release|Any CPU
		{7017CC97-1450-4851-A39A-B4A611BC2AA0}.Ad-Hoc|ARM.ActiveCfg = Release|Any CPU
		{7017CC97-1450-4851-A39A-B4A611BC2AA0}.Ad-Hoc|iPhone.ActiveCfg = Release|Any CPU
		{7017CC97-1450-4851-A39A-B4A611BC2AA0}.Ad-Hoc|iPhoneSimulator.ActiveCfg = Release|Any CPU
		{7017CC97-1450-4851-A39A-B4A611BC2AA0}.Ad-Hoc|Mixed Platforms.ActiveCfg = Release|Any CPU
		{7017CC97-1450-4851-A39A-B4A611BC2AA0}.Ad-Hoc|Mixed Platforms.Build.0 = Release|Any CPU
		{7017CC97-1450-4851-A39A-B4A611BC2AA0}.Ad-Hoc|x86.ActiveCfg = Release|Any CPU
		{7017CC97-1450-4851-A39A-B4A611BC2AA0}.AppStore|Any CPU.ActiveCfg = Release|Any CPU
		{7017CC97-1450-4851-A39A-B4A611BC2AA0}.AppStore|Any CPU.Build.0 = Release|Any CPU
		{7017CC97-1450-4851-A39A-B4A611BC2AA0}.AppStore|ARM.ActiveCfg = Release|Any CPU
		{7017CC97-1450-4851-A39A-B4A611BC2AA0}.AppStore|iPhone.ActiveCfg = Release|Any CPU
		{7017CC97-1450-4851-A39A-B4A611BC2AA0}.AppStore|iPhoneSimulator.ActiveCfg = Release|Any CPU
		{7017CC97-1450-4851-A39A-B4A611BC2AA0}.AppStore|Mixed Platforms.ActiveCfg = Release|Any CPU
		{7017CC97-1450-4851-A39A-B4A611BC2AA0}.AppStore|Mixed Platforms.Build.0 = Release|Any CPU
		{7017CC97-1450-4851-A39A-B4A611BC2AA0}.AppStore|x86.ActiveCfg = Release|Any CPU
		{7017CC97-1450-4851-A39A-B4A611BC2AA0}.Debug|Any CPU.ActiveCfg = Debug|Any CPU
		{7017CC97-1450-4851-A39A-B4A611BC2AA0}.Debug|Any CPU.Build.0 = Debug|Any CPU
		{7017CC97-1450-4851-A39A-B4A611BC2AA0}.Debug|ARM.ActiveCfg = Debug|Any CPU
		{7017CC97-1450-4851-A39A-B4A611BC2AA0}.Debug|iPhone.ActiveCfg = Debug|Any CPU
		{7017CC97-1450-4851-A39A-B4A611BC2AA0}.Debug|iPhoneSimulator.ActiveCfg = Debug|Any CPU
		{7017CC97-1450-4851-A39A-B4A611BC2AA0}.Debug|Mixed Platforms.ActiveCfg = Debug|Any CPU
		{7017CC97-1450-4851-A39A-B4A611BC2AA0}.Debug|Mixed Platforms.Build.0 = Debug|Any CPU
		{7017CC97-1450-4851-A39A-B4A611BC2AA0}.Debug|x86.ActiveCfg = Debug|Any CPU
		{7017CC97-1450-4851-A39A-B4A611BC2AA0}.Release|Any CPU.ActiveCfg = Release|Any CPU
		{7017CC97-1450-4851-A39A-B4A611BC2AA0}.Release|Any CPU.Build.0 = Release|Any CPU
		{7017CC97-1450-4851-A39A-B4A611BC2AA0}.Release|ARM.ActiveCfg = Release|Any CPU
		{7017CC97-1450-4851-A39A-B4A611BC2AA0}.Release|iPhone.ActiveCfg = Release|Any CPU
		{7017CC97-1450-4851-A39A-B4A611BC2AA0}.Release|iPhoneSimulator.ActiveCfg = Release|Any CPU
		{7017CC97-1450-4851-A39A-B4A611BC2AA0}.Release|Mixed Platforms.ActiveCfg = Release|Any CPU
		{7017CC97-1450-4851-A39A-B4A611BC2AA0}.Release|Mixed Platforms.Build.0 = Release|Any CPU
		{7017CC97-1450-4851-A39A-B4A611BC2AA0}.Release|x86.ActiveCfg = Release|Any CPU
		{1C6D3DB7-ECF0-4013-80EE-76688AED4176}.Ad-Hoc|Any CPU.ActiveCfg = Release|Any CPU
		{1C6D3DB7-ECF0-4013-80EE-76688AED4176}.Ad-Hoc|Any CPU.Build.0 = Release|Any CPU
		{1C6D3DB7-ECF0-4013-80EE-76688AED4176}.Ad-Hoc|ARM.ActiveCfg = Release|Any CPU
		{1C6D3DB7-ECF0-4013-80EE-76688AED4176}.Ad-Hoc|iPhone.ActiveCfg = Release|Any CPU
		{1C6D3DB7-ECF0-4013-80EE-76688AED4176}.Ad-Hoc|iPhoneSimulator.ActiveCfg = Release|Any CPU
		{1C6D3DB7-ECF0-4013-80EE-76688AED4176}.Ad-Hoc|Mixed Platforms.ActiveCfg = Release|Any CPU
		{1C6D3DB7-ECF0-4013-80EE-76688AED4176}.Ad-Hoc|Mixed Platforms.Build.0 = Release|Any CPU
		{1C6D3DB7-ECF0-4013-80EE-76688AED4176}.Ad-Hoc|x86.ActiveCfg = Release|Any CPU
		{1C6D3DB7-ECF0-4013-80EE-76688AED4176}.AppStore|Any CPU.ActiveCfg = Release|Any CPU
		{1C6D3DB7-ECF0-4013-80EE-76688AED4176}.AppStore|Any CPU.Build.0 = Release|Any CPU
		{1C6D3DB7-ECF0-4013-80EE-76688AED4176}.AppStore|ARM.ActiveCfg = Release|Any CPU
		{1C6D3DB7-ECF0-4013-80EE-76688AED4176}.AppStore|iPhone.ActiveCfg = Release|Any CPU
		{1C6D3DB7-ECF0-4013-80EE-76688AED4176}.AppStore|iPhoneSimulator.ActiveCfg = Release|Any CPU
		{1C6D3DB7-ECF0-4013-80EE-76688AED4176}.AppStore|Mixed Platforms.ActiveCfg = Release|Any CPU
		{1C6D3DB7-ECF0-4013-80EE-76688AED4176}.AppStore|Mixed Platforms.Build.0 = Release|Any CPU
		{1C6D3DB7-ECF0-4013-80EE-76688AED4176}.AppStore|x86.ActiveCfg = Release|Any CPU
		{1C6D3DB7-ECF0-4013-80EE-76688AED4176}.Debug|Any CPU.ActiveCfg = Debug|Any CPU
		{1C6D3DB7-ECF0-4013-80EE-76688AED4176}.Debug|Any CPU.Build.0 = Debug|Any CPU
		{1C6D3DB7-ECF0-4013-80EE-76688AED4176}.Debug|ARM.ActiveCfg = Debug|Any CPU
		{1C6D3DB7-ECF0-4013-80EE-76688AED4176}.Debug|iPhone.ActiveCfg = Debug|Any CPU
		{1C6D3DB7-ECF0-4013-80EE-76688AED4176}.Debug|iPhoneSimulator.ActiveCfg = Debug|Any CPU
		{1C6D3DB7-ECF0-4013-80EE-76688AED4176}.Debug|Mixed Platforms.ActiveCfg = Debug|Any CPU
		{1C6D3DB7-ECF0-4013-80EE-76688AED4176}.Debug|Mixed Platforms.Build.0 = Debug|Any CPU
		{1C6D3DB7-ECF0-4013-80EE-76688AED4176}.Debug|x86.ActiveCfg = Debug|Any CPU
		{1C6D3DB7-ECF0-4013-80EE-76688AED4176}.Release|Any CPU.ActiveCfg = Release|Any CPU
		{1C6D3DB7-ECF0-4013-80EE-76688AED4176}.Release|Any CPU.Build.0 = Release|Any CPU
		{1C6D3DB7-ECF0-4013-80EE-76688AED4176}.Release|ARM.ActiveCfg = Release|Any CPU
		{1C6D3DB7-ECF0-4013-80EE-76688AED4176}.Release|iPhone.ActiveCfg = Release|Any CPU
		{1C6D3DB7-ECF0-4013-80EE-76688AED4176}.Release|iPhoneSimulator.ActiveCfg = Release|Any CPU
		{1C6D3DB7-ECF0-4013-80EE-76688AED4176}.Release|Mixed Platforms.ActiveCfg = Release|Any CPU
		{1C6D3DB7-ECF0-4013-80EE-76688AED4176}.Release|Mixed Platforms.Build.0 = Release|Any CPU
		{1C6D3DB7-ECF0-4013-80EE-76688AED4176}.Release|x86.ActiveCfg = Release|Any CPU
		{07EF6707-B284-4068-9B2F-48998782BC9F}.Ad-Hoc|Any CPU.ActiveCfg = Release|Any CPU
		{07EF6707-B284-4068-9B2F-48998782BC9F}.Ad-Hoc|Any CPU.Build.0 = Release|Any CPU
		{07EF6707-B284-4068-9B2F-48998782BC9F}.Ad-Hoc|ARM.ActiveCfg = Release|Any CPU
		{07EF6707-B284-4068-9B2F-48998782BC9F}.Ad-Hoc|iPhone.ActiveCfg = Release|Any CPU
		{07EF6707-B284-4068-9B2F-48998782BC9F}.Ad-Hoc|iPhoneSimulator.ActiveCfg = Release|Any CPU
		{07EF6707-B284-4068-9B2F-48998782BC9F}.Ad-Hoc|Mixed Platforms.ActiveCfg = Release|Any CPU
		{07EF6707-B284-4068-9B2F-48998782BC9F}.Ad-Hoc|Mixed Platforms.Build.0 = Release|Any CPU
		{07EF6707-B284-4068-9B2F-48998782BC9F}.Ad-Hoc|x86.ActiveCfg = Release|Any CPU
		{07EF6707-B284-4068-9B2F-48998782BC9F}.AppStore|Any CPU.ActiveCfg = Release|Any CPU
		{07EF6707-B284-4068-9B2F-48998782BC9F}.AppStore|Any CPU.Build.0 = Release|Any CPU
		{07EF6707-B284-4068-9B2F-48998782BC9F}.AppStore|ARM.ActiveCfg = Release|Any CPU
		{07EF6707-B284-4068-9B2F-48998782BC9F}.AppStore|iPhone.ActiveCfg = Release|Any CPU
		{07EF6707-B284-4068-9B2F-48998782BC9F}.AppStore|iPhoneSimulator.ActiveCfg = Release|Any CPU
		{07EF6707-B284-4068-9B2F-48998782BC9F}.AppStore|Mixed Platforms.ActiveCfg = Release|Any CPU
		{07EF6707-B284-4068-9B2F-48998782BC9F}.AppStore|Mixed Platforms.Build.0 = Release|Any CPU
		{07EF6707-B284-4068-9B2F-48998782BC9F}.AppStore|x86.ActiveCfg = Release|Any CPU
		{07EF6707-B284-4068-9B2F-48998782BC9F}.Debug|Any CPU.ActiveCfg = Debug|Any CPU
		{07EF6707-B284-4068-9B2F-48998782BC9F}.Debug|Any CPU.Build.0 = Debug|Any CPU
		{07EF6707-B284-4068-9B2F-48998782BC9F}.Debug|ARM.ActiveCfg = Debug|Any CPU
		{07EF6707-B284-4068-9B2F-48998782BC9F}.Debug|iPhone.ActiveCfg = Debug|Any CPU
		{07EF6707-B284-4068-9B2F-48998782BC9F}.Debug|iPhoneSimulator.ActiveCfg = Debug|Any CPU
		{07EF6707-B284-4068-9B2F-48998782BC9F}.Debug|Mixed Platforms.ActiveCfg = Debug|Any CPU
		{07EF6707-B284-4068-9B2F-48998782BC9F}.Debug|Mixed Platforms.Build.0 = Debug|Any CPU
		{07EF6707-B284-4068-9B2F-48998782BC9F}.Debug|x86.ActiveCfg = Debug|Any CPU
		{07EF6707-B284-4068-9B2F-48998782BC9F}.Release|Any CPU.ActiveCfg = Release|Any CPU
		{07EF6707-B284-4068-9B2F-48998782BC9F}.Release|Any CPU.Build.0 = Release|Any CPU
		{07EF6707-B284-4068-9B2F-48998782BC9F}.Release|ARM.ActiveCfg = Release|Any CPU
		{07EF6707-B284-4068-9B2F-48998782BC9F}.Release|iPhone.ActiveCfg = Release|Any CPU
		{07EF6707-B284-4068-9B2F-48998782BC9F}.Release|iPhoneSimulator.ActiveCfg = Release|Any CPU
		{07EF6707-B284-4068-9B2F-48998782BC9F}.Release|Mixed Platforms.ActiveCfg = Release|Any CPU
		{07EF6707-B284-4068-9B2F-48998782BC9F}.Release|Mixed Platforms.Build.0 = Release|Any CPU
		{07EF6707-B284-4068-9B2F-48998782BC9F}.Release|x86.ActiveCfg = Release|Any CPU
		{C51D26F4-E780-4BDE-84FC-AADC6AE63D5B}.Ad-Hoc|Any CPU.ActiveCfg = Release|Any CPU
		{C51D26F4-E780-4BDE-84FC-AADC6AE63D5B}.Ad-Hoc|Any CPU.Build.0 = Release|Any CPU
		{C51D26F4-E780-4BDE-84FC-AADC6AE63D5B}.Ad-Hoc|ARM.ActiveCfg = Release|Any CPU
		{C51D26F4-E780-4BDE-84FC-AADC6AE63D5B}.Ad-Hoc|iPhone.ActiveCfg = Release|Any CPU
		{C51D26F4-E780-4BDE-84FC-AADC6AE63D5B}.Ad-Hoc|iPhoneSimulator.ActiveCfg = Release|Any CPU
		{C51D26F4-E780-4BDE-84FC-AADC6AE63D5B}.Ad-Hoc|Mixed Platforms.ActiveCfg = Release|Any CPU
		{C51D26F4-E780-4BDE-84FC-AADC6AE63D5B}.Ad-Hoc|Mixed Platforms.Build.0 = Release|Any CPU
		{C51D26F4-E780-4BDE-84FC-AADC6AE63D5B}.Ad-Hoc|x86.ActiveCfg = Release|Any CPU
		{C51D26F4-E780-4BDE-84FC-AADC6AE63D5B}.AppStore|Any CPU.ActiveCfg = Release|Any CPU
		{C51D26F4-E780-4BDE-84FC-AADC6AE63D5B}.AppStore|Any CPU.Build.0 = Release|Any CPU
		{C51D26F4-E780-4BDE-84FC-AADC6AE63D5B}.AppStore|ARM.ActiveCfg = Release|Any CPU
		{C51D26F4-E780-4BDE-84FC-AADC6AE63D5B}.AppStore|iPhone.ActiveCfg = Release|Any CPU
		{C51D26F4-E780-4BDE-84FC-AADC6AE63D5B}.AppStore|iPhoneSimulator.ActiveCfg = Release|Any CPU
		{C51D26F4-E780-4BDE-84FC-AADC6AE63D5B}.AppStore|Mixed Platforms.ActiveCfg = Release|Any CPU
		{C51D26F4-E780-4BDE-84FC-AADC6AE63D5B}.AppStore|Mixed Platforms.Build.0 = Release|Any CPU
		{C51D26F4-E780-4BDE-84FC-AADC6AE63D5B}.AppStore|x86.ActiveCfg = Release|Any CPU
		{C51D26F4-E780-4BDE-84FC-AADC6AE63D5B}.Debug|Any CPU.ActiveCfg = Debug|Any CPU
		{C51D26F4-E780-4BDE-84FC-AADC6AE63D5B}.Debug|Any CPU.Build.0 = Debug|Any CPU
		{C51D26F4-E780-4BDE-84FC-AADC6AE63D5B}.Debug|ARM.ActiveCfg = Debug|Any CPU
		{C51D26F4-E780-4BDE-84FC-AADC6AE63D5B}.Debug|iPhone.ActiveCfg = Debug|Any CPU
		{C51D26F4-E780-4BDE-84FC-AADC6AE63D5B}.Debug|iPhoneSimulator.ActiveCfg = Debug|Any CPU
		{C51D26F4-E780-4BDE-84FC-AADC6AE63D5B}.Debug|Mixed Platforms.ActiveCfg = Debug|Any CPU
		{C51D26F4-E780-4BDE-84FC-AADC6AE63D5B}.Debug|Mixed Platforms.Build.0 = Debug|Any CPU
		{C51D26F4-E780-4BDE-84FC-AADC6AE63D5B}.Debug|x86.ActiveCfg = Debug|Any CPU
		{C51D26F4-E780-4BDE-84FC-AADC6AE63D5B}.Release|Any CPU.ActiveCfg = Release|Any CPU
		{C51D26F4-E780-4BDE-84FC-AADC6AE63D5B}.Release|Any CPU.Build.0 = Release|Any CPU
		{C51D26F4-E780-4BDE-84FC-AADC6AE63D5B}.Release|ARM.ActiveCfg = Release|Any CPU
		{C51D26F4-E780-4BDE-84FC-AADC6AE63D5B}.Release|iPhone.ActiveCfg = Release|Any CPU
		{C51D26F4-E780-4BDE-84FC-AADC6AE63D5B}.Release|iPhoneSimulator.ActiveCfg = Release|Any CPU
		{C51D26F4-E780-4BDE-84FC-AADC6AE63D5B}.Release|Mixed Platforms.ActiveCfg = Release|Any CPU
		{C51D26F4-E780-4BDE-84FC-AADC6AE63D5B}.Release|Mixed Platforms.Build.0 = Release|Any CPU
		{C51D26F4-E780-4BDE-84FC-AADC6AE63D5B}.Release|x86.ActiveCfg = Release|Any CPU
		{690CB13D-5BFC-4D2E-B23C-64BD00B7AF6F}.Ad-Hoc|Any CPU.ActiveCfg = Release|Any CPU
		{690CB13D-5BFC-4D2E-B23C-64BD00B7AF6F}.Ad-Hoc|Any CPU.Build.0 = Release|Any CPU
		{690CB13D-5BFC-4D2E-B23C-64BD00B7AF6F}.Ad-Hoc|ARM.ActiveCfg = Release|Any CPU
		{690CB13D-5BFC-4D2E-B23C-64BD00B7AF6F}.Ad-Hoc|iPhone.ActiveCfg = Release|Any CPU
		{690CB13D-5BFC-4D2E-B23C-64BD00B7AF6F}.Ad-Hoc|iPhoneSimulator.ActiveCfg = Release|Any CPU
		{690CB13D-5BFC-4D2E-B23C-64BD00B7AF6F}.Ad-Hoc|Mixed Platforms.ActiveCfg = Release|Any CPU
		{690CB13D-5BFC-4D2E-B23C-64BD00B7AF6F}.Ad-Hoc|Mixed Platforms.Build.0 = Release|Any CPU
		{690CB13D-5BFC-4D2E-B23C-64BD00B7AF6F}.Ad-Hoc|x86.ActiveCfg = Release|Any CPU
		{690CB13D-5BFC-4D2E-B23C-64BD00B7AF6F}.AppStore|Any CPU.ActiveCfg = Release|Any CPU
		{690CB13D-5BFC-4D2E-B23C-64BD00B7AF6F}.AppStore|Any CPU.Build.0 = Release|Any CPU
		{690CB13D-5BFC-4D2E-B23C-64BD00B7AF6F}.AppStore|ARM.ActiveCfg = Release|Any CPU
		{690CB13D-5BFC-4D2E-B23C-64BD00B7AF6F}.AppStore|iPhone.ActiveCfg = Release|Any CPU
		{690CB13D-5BFC-4D2E-B23C-64BD00B7AF6F}.AppStore|iPhoneSimulator.ActiveCfg = Release|Any CPU
		{690CB13D-5BFC-4D2E-B23C-64BD00B7AF6F}.AppStore|Mixed Platforms.ActiveCfg = Release|Any CPU
		{690CB13D-5BFC-4D2E-B23C-64BD00B7AF6F}.AppStore|Mixed Platforms.Build.0 = Release|Any CPU
		{690CB13D-5BFC-4D2E-B23C-64BD00B7AF6F}.AppStore|x86.ActiveCfg = Release|Any CPU
		{690CB13D-5BFC-4D2E-B23C-64BD00B7AF6F}.Debug|Any CPU.ActiveCfg = Debug|Any CPU
		{690CB13D-5BFC-4D2E-B23C-64BD00B7AF6F}.Debug|Any CPU.Build.0 = Debug|Any CPU
		{690CB13D-5BFC-4D2E-B23C-64BD00B7AF6F}.Debug|ARM.ActiveCfg = Debug|Any CPU
		{690CB13D-5BFC-4D2E-B23C-64BD00B7AF6F}.Debug|iPhone.ActiveCfg = Debug|Any CPU
		{690CB13D-5BFC-4D2E-B23C-64BD00B7AF6F}.Debug|iPhoneSimulator.ActiveCfg = Debug|Any CPU
		{690CB13D-5BFC-4D2E-B23C-64BD00B7AF6F}.Debug|Mixed Platforms.ActiveCfg = Debug|Any CPU
		{690CB13D-5BFC-4D2E-B23C-64BD00B7AF6F}.Debug|Mixed Platforms.Build.0 = Debug|Any CPU
		{690CB13D-5BFC-4D2E-B23C-64BD00B7AF6F}.Debug|x86.ActiveCfg = Debug|Any CPU
		{690CB13D-5BFC-4D2E-B23C-64BD00B7AF6F}.Release|Any CPU.ActiveCfg = Release|Any CPU
		{690CB13D-5BFC-4D2E-B23C-64BD00B7AF6F}.Release|Any CPU.Build.0 = Release|Any CPU
		{690CB13D-5BFC-4D2E-B23C-64BD00B7AF6F}.Release|ARM.ActiveCfg = Release|Any CPU
		{690CB13D-5BFC-4D2E-B23C-64BD00B7AF6F}.Release|iPhone.ActiveCfg = Release|Any CPU
		{690CB13D-5BFC-4D2E-B23C-64BD00B7AF6F}.Release|iPhoneSimulator.ActiveCfg = Release|Any CPU
		{690CB13D-5BFC-4D2E-B23C-64BD00B7AF6F}.Release|Mixed Platforms.ActiveCfg = Release|Any CPU
		{690CB13D-5BFC-4D2E-B23C-64BD00B7AF6F}.Release|Mixed Platforms.Build.0 = Release|Any CPU
		{690CB13D-5BFC-4D2E-B23C-64BD00B7AF6F}.Release|x86.ActiveCfg = Release|Any CPU
		{1847098B-FE9E-4E40-AA69-9E70FAF5D06E}.Ad-Hoc|Any CPU.ActiveCfg = Release|Any CPU
		{1847098B-FE9E-4E40-AA69-9E70FAF5D06E}.Ad-Hoc|Any CPU.Build.0 = Release|Any CPU
		{1847098B-FE9E-4E40-AA69-9E70FAF5D06E}.Ad-Hoc|ARM.ActiveCfg = Release|Any CPU
		{1847098B-FE9E-4E40-AA69-9E70FAF5D06E}.Ad-Hoc|iPhone.ActiveCfg = Release|Any CPU
		{1847098B-FE9E-4E40-AA69-9E70FAF5D06E}.Ad-Hoc|iPhoneSimulator.ActiveCfg = Release|Any CPU
		{1847098B-FE9E-4E40-AA69-9E70FAF5D06E}.Ad-Hoc|Mixed Platforms.ActiveCfg = Release|Any CPU
		{1847098B-FE9E-4E40-AA69-9E70FAF5D06E}.Ad-Hoc|Mixed Platforms.Build.0 = Release|Any CPU
		{1847098B-FE9E-4E40-AA69-9E70FAF5D06E}.Ad-Hoc|x86.ActiveCfg = Release|Any CPU
		{1847098B-FE9E-4E40-AA69-9E70FAF5D06E}.AppStore|Any CPU.ActiveCfg = Release|Any CPU
		{1847098B-FE9E-4E40-AA69-9E70FAF5D06E}.AppStore|Any CPU.Build.0 = Release|Any CPU
		{1847098B-FE9E-4E40-AA69-9E70FAF5D06E}.AppStore|ARM.ActiveCfg = Release|Any CPU
		{1847098B-FE9E-4E40-AA69-9E70FAF5D06E}.AppStore|iPhone.ActiveCfg = Release|Any CPU
		{1847098B-FE9E-4E40-AA69-9E70FAF5D06E}.AppStore|iPhoneSimulator.ActiveCfg = Release|Any CPU
		{1847098B-FE9E-4E40-AA69-9E70FAF5D06E}.AppStore|Mixed Platforms.ActiveCfg = Release|Any CPU
		{1847098B-FE9E-4E40-AA69-9E70FAF5D06E}.AppStore|Mixed Platforms.Build.0 = Release|Any CPU
		{1847098B-FE9E-4E40-AA69-9E70FAF5D06E}.AppStore|x86.ActiveCfg = Release|Any CPU
		{1847098B-FE9E-4E40-AA69-9E70FAF5D06E}.Debug|Any CPU.ActiveCfg = Debug|Any CPU
		{1847098B-FE9E-4E40-AA69-9E70FAF5D06E}.Debug|Any CPU.Build.0 = Debug|Any CPU
		{1847098B-FE9E-4E40-AA69-9E70FAF5D06E}.Debug|ARM.ActiveCfg = Debug|Any CPU
		{1847098B-FE9E-4E40-AA69-9E70FAF5D06E}.Debug|iPhone.ActiveCfg = Debug|Any CPU
		{1847098B-FE9E-4E40-AA69-9E70FAF5D06E}.Debug|iPhoneSimulator.ActiveCfg = Debug|Any CPU
		{1847098B-FE9E-4E40-AA69-9E70FAF5D06E}.Debug|Mixed Platforms.ActiveCfg = Debug|Any CPU
		{1847098B-FE9E-4E40-AA69-9E70FAF5D06E}.Debug|Mixed Platforms.Build.0 = Debug|Any CPU
		{1847098B-FE9E-4E40-AA69-9E70FAF5D06E}.Debug|x86.ActiveCfg = Debug|Any CPU
		{1847098B-FE9E-4E40-AA69-9E70FAF5D06E}.Release|Any CPU.ActiveCfg = Release|Any CPU
		{1847098B-FE9E-4E40-AA69-9E70FAF5D06E}.Release|Any CPU.Build.0 = Release|Any CPU
		{1847098B-FE9E-4E40-AA69-9E70FAF5D06E}.Release|ARM.ActiveCfg = Release|Any CPU
		{1847098B-FE9E-4E40-AA69-9E70FAF5D06E}.Release|iPhone.ActiveCfg = Release|Any CPU
		{1847098B-FE9E-4E40-AA69-9E70FAF5D06E}.Release|iPhoneSimulator.ActiveCfg = Release|Any CPU
		{1847098B-FE9E-4E40-AA69-9E70FAF5D06E}.Release|Mixed Platforms.ActiveCfg = Release|Any CPU
		{1847098B-FE9E-4E40-AA69-9E70FAF5D06E}.Release|Mixed Platforms.Build.0 = Release|Any CPU
		{1847098B-FE9E-4E40-AA69-9E70FAF5D06E}.Release|x86.ActiveCfg = Release|Any CPU
		{9CE8A3B9-5900-4D8B-81A6-C33513553E97}.Ad-Hoc|Any CPU.ActiveCfg = Release|Any CPU
		{9CE8A3B9-5900-4D8B-81A6-C33513553E97}.Ad-Hoc|Any CPU.Build.0 = Release|Any CPU
		{9CE8A3B9-5900-4D8B-81A6-C33513553E97}.Ad-Hoc|ARM.ActiveCfg = Release|Any CPU
		{9CE8A3B9-5900-4D8B-81A6-C33513553E97}.Ad-Hoc|iPhone.ActiveCfg = Release|Any CPU
		{9CE8A3B9-5900-4D8B-81A6-C33513553E97}.Ad-Hoc|iPhoneSimulator.ActiveCfg = Release|Any CPU
		{9CE8A3B9-5900-4D8B-81A6-C33513553E97}.Ad-Hoc|Mixed Platforms.ActiveCfg = Release|Any CPU
		{9CE8A3B9-5900-4D8B-81A6-C33513553E97}.Ad-Hoc|Mixed Platforms.Build.0 = Release|Any CPU
		{9CE8A3B9-5900-4D8B-81A6-C33513553E97}.Ad-Hoc|x86.ActiveCfg = Release|Any CPU
		{9CE8A3B9-5900-4D8B-81A6-C33513553E97}.AppStore|Any CPU.ActiveCfg = Release|Any CPU
		{9CE8A3B9-5900-4D8B-81A6-C33513553E97}.AppStore|Any CPU.Build.0 = Release|Any CPU
		{9CE8A3B9-5900-4D8B-81A6-C33513553E97}.AppStore|ARM.ActiveCfg = Release|Any CPU
		{9CE8A3B9-5900-4D8B-81A6-C33513553E97}.AppStore|iPhone.ActiveCfg = Release|Any CPU
		{9CE8A3B9-5900-4D8B-81A6-C33513553E97}.AppStore|iPhoneSimulator.ActiveCfg = Release|Any CPU
		{9CE8A3B9-5900-4D8B-81A6-C33513553E97}.AppStore|Mixed Platforms.ActiveCfg = Release|Any CPU
		{9CE8A3B9-5900-4D8B-81A6-C33513553E97}.AppStore|Mixed Platforms.Build.0 = Release|Any CPU
		{9CE8A3B9-5900-4D8B-81A6-C33513553E97}.AppStore|x86.ActiveCfg = Release|Any CPU
		{9CE8A3B9-5900-4D8B-81A6-C33513553E97}.Debug|Any CPU.ActiveCfg = Debug|Any CPU
		{9CE8A3B9-5900-4D8B-81A6-C33513553E97}.Debug|Any CPU.Build.0 = Debug|Any CPU
		{9CE8A3B9-5900-4D8B-81A6-C33513553E97}.Debug|ARM.ActiveCfg = Debug|Any CPU
		{9CE8A3B9-5900-4D8B-81A6-C33513553E97}.Debug|iPhone.ActiveCfg = Debug|Any CPU
		{9CE8A3B9-5900-4D8B-81A6-C33513553E97}.Debug|iPhoneSimulator.ActiveCfg = Debug|Any CPU
		{9CE8A3B9-5900-4D8B-81A6-C33513553E97}.Debug|Mixed Platforms.ActiveCfg = Debug|Any CPU
		{9CE8A3B9-5900-4D8B-81A6-C33513553E97}.Debug|Mixed Platforms.Build.0 = Debug|Any CPU
		{9CE8A3B9-5900-4D8B-81A6-C33513553E97}.Debug|x86.ActiveCfg = Debug|Any CPU
		{9CE8A3B9-5900-4D8B-81A6-C33513553E97}.Release|Any CPU.ActiveCfg = Release|Any CPU
		{9CE8A3B9-5900-4D8B-81A6-C33513553E97}.Release|Any CPU.Build.0 = Release|Any CPU
		{9CE8A3B9-5900-4D8B-81A6-C33513553E97}.Release|ARM.ActiveCfg = Release|Any CPU
		{9CE8A3B9-5900-4D8B-81A6-C33513553E97}.Release|iPhone.ActiveCfg = Release|Any CPU
		{9CE8A3B9-5900-4D8B-81A6-C33513553E97}.Release|iPhoneSimulator.ActiveCfg = Release|Any CPU
		{9CE8A3B9-5900-4D8B-81A6-C33513553E97}.Release|Mixed Platforms.ActiveCfg = Release|Any CPU
		{9CE8A3B9-5900-4D8B-81A6-C33513553E97}.Release|Mixed Platforms.Build.0 = Release|Any CPU
		{9CE8A3B9-5900-4D8B-81A6-C33513553E97}.Release|x86.ActiveCfg = Release|Any CPU
		{9E13148D-726D-4E42-B924-4A1AF4F0DC3E}.Ad-Hoc|Any CPU.ActiveCfg = Release|Any CPU
		{9E13148D-726D-4E42-B924-4A1AF4F0DC3E}.Ad-Hoc|Any CPU.Build.0 = Release|Any CPU
		{9E13148D-726D-4E42-B924-4A1AF4F0DC3E}.Ad-Hoc|ARM.ActiveCfg = Release|Any CPU
		{9E13148D-726D-4E42-B924-4A1AF4F0DC3E}.Ad-Hoc|iPhone.ActiveCfg = Release|Any CPU
		{9E13148D-726D-4E42-B924-4A1AF4F0DC3E}.Ad-Hoc|iPhoneSimulator.ActiveCfg = Release|Any CPU
		{9E13148D-726D-4E42-B924-4A1AF4F0DC3E}.Ad-Hoc|Mixed Platforms.ActiveCfg = Release|Any CPU
		{9E13148D-726D-4E42-B924-4A1AF4F0DC3E}.Ad-Hoc|Mixed Platforms.Build.0 = Release|Any CPU
		{9E13148D-726D-4E42-B924-4A1AF4F0DC3E}.Ad-Hoc|x86.ActiveCfg = Release|Any CPU
		{9E13148D-726D-4E42-B924-4A1AF4F0DC3E}.AppStore|Any CPU.ActiveCfg = Release|Any CPU
		{9E13148D-726D-4E42-B924-4A1AF4F0DC3E}.AppStore|Any CPU.Build.0 = Release|Any CPU
		{9E13148D-726D-4E42-B924-4A1AF4F0DC3E}.AppStore|ARM.ActiveCfg = Release|Any CPU
		{9E13148D-726D-4E42-B924-4A1AF4F0DC3E}.AppStore|iPhone.ActiveCfg = Release|Any CPU
		{9E13148D-726D-4E42-B924-4A1AF4F0DC3E}.AppStore|iPhoneSimulator.ActiveCfg = Release|Any CPU
		{9E13148D-726D-4E42-B924-4A1AF4F0DC3E}.AppStore|Mixed Platforms.ActiveCfg = Release|Any CPU
		{9E13148D-726D-4E42-B924-4A1AF4F0DC3E}.AppStore|Mixed Platforms.Build.0 = Release|Any CPU
		{9E13148D-726D-4E42-B924-4A1AF4F0DC3E}.AppStore|x86.ActiveCfg = Release|Any CPU
		{9E13148D-726D-4E42-B924-4A1AF4F0DC3E}.Debug|Any CPU.ActiveCfg = Debug|Any CPU
		{9E13148D-726D-4E42-B924-4A1AF4F0DC3E}.Debug|Any CPU.Build.0 = Debug|Any CPU
		{9E13148D-726D-4E42-B924-4A1AF4F0DC3E}.Debug|ARM.ActiveCfg = Debug|Any CPU
		{9E13148D-726D-4E42-B924-4A1AF4F0DC3E}.Debug|iPhone.ActiveCfg = Debug|Any CPU
		{9E13148D-726D-4E42-B924-4A1AF4F0DC3E}.Debug|iPhoneSimulator.ActiveCfg = Debug|Any CPU
		{9E13148D-726D-4E42-B924-4A1AF4F0DC3E}.Debug|Mixed Platforms.ActiveCfg = Debug|Any CPU
		{9E13148D-726D-4E42-B924-4A1AF4F0DC3E}.Debug|Mixed Platforms.Build.0 = Debug|Any CPU
		{9E13148D-726D-4E42-B924-4A1AF4F0DC3E}.Debug|x86.ActiveCfg = Debug|Any CPU
		{9E13148D-726D-4E42-B924-4A1AF4F0DC3E}.Release|Any CPU.ActiveCfg = Release|Any CPU
		{9E13148D-726D-4E42-B924-4A1AF4F0DC3E}.Release|Any CPU.Build.0 = Release|Any CPU
		{9E13148D-726D-4E42-B924-4A1AF4F0DC3E}.Release|ARM.ActiveCfg = Release|Any CPU
		{9E13148D-726D-4E42-B924-4A1AF4F0DC3E}.Release|iPhone.ActiveCfg = Release|Any CPU
		{9E13148D-726D-4E42-B924-4A1AF4F0DC3E}.Release|iPhoneSimulator.ActiveCfg = Release|Any CPU
		{9E13148D-726D-4E42-B924-4A1AF4F0DC3E}.Release|Mixed Platforms.ActiveCfg = Release|Any CPU
		{9E13148D-726D-4E42-B924-4A1AF4F0DC3E}.Release|Mixed Platforms.Build.0 = Release|Any CPU
		{9E13148D-726D-4E42-B924-4A1AF4F0DC3E}.Release|x86.ActiveCfg = Release|Any CPU
		{0CFEE3A4-F914-4C45-BE13-A344C9CFA134}.Ad-Hoc|Any CPU.ActiveCfg = Release|Any CPU
		{0CFEE3A4-F914-4C45-BE13-A344C9CFA134}.Ad-Hoc|Any CPU.Build.0 = Release|Any CPU
		{0CFEE3A4-F914-4C45-BE13-A344C9CFA134}.Ad-Hoc|ARM.ActiveCfg = Release|Any CPU
		{0CFEE3A4-F914-4C45-BE13-A344C9CFA134}.Ad-Hoc|iPhone.ActiveCfg = Release|Any CPU
		{0CFEE3A4-F914-4C45-BE13-A344C9CFA134}.Ad-Hoc|iPhoneSimulator.ActiveCfg = Release|Any CPU
		{0CFEE3A4-F914-4C45-BE13-A344C9CFA134}.Ad-Hoc|Mixed Platforms.ActiveCfg = Release|Any CPU
		{0CFEE3A4-F914-4C45-BE13-A344C9CFA134}.Ad-Hoc|Mixed Platforms.Build.0 = Release|Any CPU
		{0CFEE3A4-F914-4C45-BE13-A344C9CFA134}.Ad-Hoc|x86.ActiveCfg = Release|Any CPU
		{0CFEE3A4-F914-4C45-BE13-A344C9CFA134}.AppStore|Any CPU.ActiveCfg = Release|Any CPU
		{0CFEE3A4-F914-4C45-BE13-A344C9CFA134}.AppStore|Any CPU.Build.0 = Release|Any CPU
		{0CFEE3A4-F914-4C45-BE13-A344C9CFA134}.AppStore|ARM.ActiveCfg = Release|Any CPU
		{0CFEE3A4-F914-4C45-BE13-A344C9CFA134}.AppStore|iPhone.ActiveCfg = Release|Any CPU
		{0CFEE3A4-F914-4C45-BE13-A344C9CFA134}.AppStore|iPhoneSimulator.ActiveCfg = Release|Any CPU
		{0CFEE3A4-F914-4C45-BE13-A344C9CFA134}.AppStore|Mixed Platforms.ActiveCfg = Release|Any CPU
		{0CFEE3A4-F914-4C45-BE13-A344C9CFA134}.AppStore|Mixed Platforms.Build.0 = Release|Any CPU
		{0CFEE3A4-F914-4C45-BE13-A344C9CFA134}.AppStore|x86.ActiveCfg = Release|Any CPU
		{0CFEE3A4-F914-4C45-BE13-A344C9CFA134}.Debug|Any CPU.ActiveCfg = Debug|Any CPU
		{0CFEE3A4-F914-4C45-BE13-A344C9CFA134}.Debug|Any CPU.Build.0 = Debug|Any CPU
		{0CFEE3A4-F914-4C45-BE13-A344C9CFA134}.Debug|ARM.ActiveCfg = Debug|Any CPU
		{0CFEE3A4-F914-4C45-BE13-A344C9CFA134}.Debug|iPhone.ActiveCfg = Debug|Any CPU
		{0CFEE3A4-F914-4C45-BE13-A344C9CFA134}.Debug|iPhoneSimulator.ActiveCfg = Debug|Any CPU
		{0CFEE3A4-F914-4C45-BE13-A344C9CFA134}.Debug|Mixed Platforms.ActiveCfg = Debug|Any CPU
		{0CFEE3A4-F914-4C45-BE13-A344C9CFA134}.Debug|Mixed Platforms.Build.0 = Debug|Any CPU
		{0CFEE3A4-F914-4C45-BE13-A344C9CFA134}.Debug|x86.ActiveCfg = Debug|Any CPU
		{0CFEE3A4-F914-4C45-BE13-A344C9CFA134}.Release|Any CPU.ActiveCfg = Release|Any CPU
		{0CFEE3A4-F914-4C45-BE13-A344C9CFA134}.Release|Any CPU.Build.0 = Release|Any CPU
		{0CFEE3A4-F914-4C45-BE13-A344C9CFA134}.Release|ARM.ActiveCfg = Release|Any CPU
		{0CFEE3A4-F914-4C45-BE13-A344C9CFA134}.Release|iPhone.ActiveCfg = Release|Any CPU
		{0CFEE3A4-F914-4C45-BE13-A344C9CFA134}.Release|iPhoneSimulator.ActiveCfg = Release|Any CPU
		{0CFEE3A4-F914-4C45-BE13-A344C9CFA134}.Release|Mixed Platforms.ActiveCfg = Release|Any CPU
		{0CFEE3A4-F914-4C45-BE13-A344C9CFA134}.Release|Mixed Platforms.Build.0 = Release|Any CPU
		{0CFEE3A4-F914-4C45-BE13-A344C9CFA134}.Release|x86.ActiveCfg = Release|Any CPU
		{D24B4EF4-9B8C-4F89-BFC6-F76007936382}.Ad-Hoc|Any CPU.ActiveCfg = Release|Any CPU
		{D24B4EF4-9B8C-4F89-BFC6-F76007936382}.Ad-Hoc|Any CPU.Build.0 = Release|Any CPU
		{D24B4EF4-9B8C-4F89-BFC6-F76007936382}.Ad-Hoc|ARM.ActiveCfg = Release|Any CPU
		{D24B4EF4-9B8C-4F89-BFC6-F76007936382}.Ad-Hoc|iPhone.ActiveCfg = Release|Any CPU
		{D24B4EF4-9B8C-4F89-BFC6-F76007936382}.Ad-Hoc|iPhoneSimulator.ActiveCfg = Release|Any CPU
		{D24B4EF4-9B8C-4F89-BFC6-F76007936382}.Ad-Hoc|Mixed Platforms.ActiveCfg = Release|Any CPU
		{D24B4EF4-9B8C-4F89-BFC6-F76007936382}.Ad-Hoc|Mixed Platforms.Build.0 = Release|Any CPU
		{D24B4EF4-9B8C-4F89-BFC6-F76007936382}.Ad-Hoc|x86.ActiveCfg = Release|Any CPU
		{D24B4EF4-9B8C-4F89-BFC6-F76007936382}.AppStore|Any CPU.ActiveCfg = Release|Any CPU
		{D24B4EF4-9B8C-4F89-BFC6-F76007936382}.AppStore|Any CPU.Build.0 = Release|Any CPU
		{D24B4EF4-9B8C-4F89-BFC6-F76007936382}.AppStore|ARM.ActiveCfg = Release|Any CPU
		{D24B4EF4-9B8C-4F89-BFC6-F76007936382}.AppStore|iPhone.ActiveCfg = Release|Any CPU
		{D24B4EF4-9B8C-4F89-BFC6-F76007936382}.AppStore|iPhoneSimulator.ActiveCfg = Release|Any CPU
		{D24B4EF4-9B8C-4F89-BFC6-F76007936382}.AppStore|Mixed Platforms.ActiveCfg = Release|Any CPU
		{D24B4EF4-9B8C-4F89-BFC6-F76007936382}.AppStore|Mixed Platforms.Build.0 = Release|Any CPU
		{D24B4EF4-9B8C-4F89-BFC6-F76007936382}.AppStore|x86.ActiveCfg = Release|Any CPU
		{D24B4EF4-9B8C-4F89-BFC6-F76007936382}.Debug|Any CPU.ActiveCfg = Debug|Any CPU
		{D24B4EF4-9B8C-4F89-BFC6-F76007936382}.Debug|Any CPU.Build.0 = Debug|Any CPU
		{D24B4EF4-9B8C-4F89-BFC6-F76007936382}.Debug|ARM.ActiveCfg = Debug|Any CPU
		{D24B4EF4-9B8C-4F89-BFC6-F76007936382}.Debug|iPhone.ActiveCfg = Debug|Any CPU
		{D24B4EF4-9B8C-4F89-BFC6-F76007936382}.Debug|iPhoneSimulator.ActiveCfg = Debug|Any CPU
		{D24B4EF4-9B8C-4F89-BFC6-F76007936382}.Debug|Mixed Platforms.ActiveCfg = Debug|Any CPU
		{D24B4EF4-9B8C-4F89-BFC6-F76007936382}.Debug|Mixed Platforms.Build.0 = Debug|Any CPU
		{D24B4EF4-9B8C-4F89-BFC6-F76007936382}.Debug|x86.ActiveCfg = Debug|Any CPU
		{D24B4EF4-9B8C-4F89-BFC6-F76007936382}.Release|Any CPU.ActiveCfg = Release|Any CPU
		{D24B4EF4-9B8C-4F89-BFC6-F76007936382}.Release|Any CPU.Build.0 = Release|Any CPU
		{D24B4EF4-9B8C-4F89-BFC6-F76007936382}.Release|ARM.ActiveCfg = Release|Any CPU
		{D24B4EF4-9B8C-4F89-BFC6-F76007936382}.Release|iPhone.ActiveCfg = Release|Any CPU
		{D24B4EF4-9B8C-4F89-BFC6-F76007936382}.Release|iPhoneSimulator.ActiveCfg = Release|Any CPU
		{D24B4EF4-9B8C-4F89-BFC6-F76007936382}.Release|Mixed Platforms.ActiveCfg = Release|Any CPU
		{D24B4EF4-9B8C-4F89-BFC6-F76007936382}.Release|Mixed Platforms.Build.0 = Release|Any CPU
		{D24B4EF4-9B8C-4F89-BFC6-F76007936382}.Release|x86.ActiveCfg = Release|Any CPU
		{DED26D13-381A-4235-9B68-48387FAD03C7}.Ad-Hoc|Any CPU.ActiveCfg = Release|Any CPU
		{DED26D13-381A-4235-9B68-48387FAD03C7}.Ad-Hoc|Any CPU.Build.0 = Release|Any CPU
		{DED26D13-381A-4235-9B68-48387FAD03C7}.Ad-Hoc|ARM.ActiveCfg = Release|Any CPU
		{DED26D13-381A-4235-9B68-48387FAD03C7}.Ad-Hoc|iPhone.ActiveCfg = Release|Any CPU
		{DED26D13-381A-4235-9B68-48387FAD03C7}.Ad-Hoc|iPhoneSimulator.ActiveCfg = Release|Any CPU
		{DED26D13-381A-4235-9B68-48387FAD03C7}.Ad-Hoc|Mixed Platforms.ActiveCfg = Release|Any CPU
		{DED26D13-381A-4235-9B68-48387FAD03C7}.Ad-Hoc|Mixed Platforms.Build.0 = Release|Any CPU
		{DED26D13-381A-4235-9B68-48387FAD03C7}.Ad-Hoc|x86.ActiveCfg = Release|Any CPU
		{DED26D13-381A-4235-9B68-48387FAD03C7}.AppStore|Any CPU.ActiveCfg = Release|Any CPU
		{DED26D13-381A-4235-9B68-48387FAD03C7}.AppStore|Any CPU.Build.0 = Release|Any CPU
		{DED26D13-381A-4235-9B68-48387FAD03C7}.AppStore|ARM.ActiveCfg = Release|Any CPU
		{DED26D13-381A-4235-9B68-48387FAD03C7}.AppStore|iPhone.ActiveCfg = Release|Any CPU
		{DED26D13-381A-4235-9B68-48387FAD03C7}.AppStore|iPhoneSimulator.ActiveCfg = Release|Any CPU
		{DED26D13-381A-4235-9B68-48387FAD03C7}.AppStore|Mixed Platforms.ActiveCfg = Release|Any CPU
		{DED26D13-381A-4235-9B68-48387FAD03C7}.AppStore|Mixed Platforms.Build.0 = Release|Any CPU
		{DED26D13-381A-4235-9B68-48387FAD03C7}.AppStore|x86.ActiveCfg = Release|Any CPU
		{DED26D13-381A-4235-9B68-48387FAD03C7}.Debug|Any CPU.ActiveCfg = Debug|Any CPU
		{DED26D13-381A-4235-9B68-48387FAD03C7}.Debug|Any CPU.Build.0 = Debug|Any CPU
		{DED26D13-381A-4235-9B68-48387FAD03C7}.Debug|ARM.ActiveCfg = Debug|Any CPU
		{DED26D13-381A-4235-9B68-48387FAD03C7}.Debug|iPhone.ActiveCfg = Debug|Any CPU
		{DED26D13-381A-4235-9B68-48387FAD03C7}.Debug|iPhoneSimulator.ActiveCfg = Debug|Any CPU
		{DED26D13-381A-4235-9B68-48387FAD03C7}.Debug|Mixed Platforms.ActiveCfg = Debug|Any CPU
		{DED26D13-381A-4235-9B68-48387FAD03C7}.Debug|Mixed Platforms.Build.0 = Debug|Any CPU
		{DED26D13-381A-4235-9B68-48387FAD03C7}.Debug|x86.ActiveCfg = Debug|Any CPU
		{DED26D13-381A-4235-9B68-48387FAD03C7}.Release|Any CPU.ActiveCfg = Release|Any CPU
		{DED26D13-381A-4235-9B68-48387FAD03C7}.Release|Any CPU.Build.0 = Release|Any CPU
		{DED26D13-381A-4235-9B68-48387FAD03C7}.Release|ARM.ActiveCfg = Release|Any CPU
		{DED26D13-381A-4235-9B68-48387FAD03C7}.Release|iPhone.ActiveCfg = Release|Any CPU
		{DED26D13-381A-4235-9B68-48387FAD03C7}.Release|iPhoneSimulator.ActiveCfg = Release|Any CPU
		{DED26D13-381A-4235-9B68-48387FAD03C7}.Release|Mixed Platforms.ActiveCfg = Release|Any CPU
		{DED26D13-381A-4235-9B68-48387FAD03C7}.Release|Mixed Platforms.Build.0 = Release|Any CPU
		{DED26D13-381A-4235-9B68-48387FAD03C7}.Release|x86.ActiveCfg = Release|Any CPU
		{01510C3E-0D18-45B4-8AEF-57403D248EDD}.Ad-Hoc|Any CPU.ActiveCfg = Release|Any CPU
		{01510C3E-0D18-45B4-8AEF-57403D248EDD}.Ad-Hoc|Any CPU.Build.0 = Release|Any CPU
		{01510C3E-0D18-45B4-8AEF-57403D248EDD}.Ad-Hoc|ARM.ActiveCfg = Release|Any CPU
		{01510C3E-0D18-45B4-8AEF-57403D248EDD}.Ad-Hoc|iPhone.ActiveCfg = Release|Any CPU
		{01510C3E-0D18-45B4-8AEF-57403D248EDD}.Ad-Hoc|iPhoneSimulator.ActiveCfg = Release|Any CPU
		{01510C3E-0D18-45B4-8AEF-57403D248EDD}.Ad-Hoc|Mixed Platforms.ActiveCfg = Release|Any CPU
		{01510C3E-0D18-45B4-8AEF-57403D248EDD}.Ad-Hoc|Mixed Platforms.Build.0 = Release|Any CPU
		{01510C3E-0D18-45B4-8AEF-57403D248EDD}.Ad-Hoc|x86.ActiveCfg = Release|Any CPU
		{01510C3E-0D18-45B4-8AEF-57403D248EDD}.AppStore|Any CPU.ActiveCfg = Release|Any CPU
		{01510C3E-0D18-45B4-8AEF-57403D248EDD}.AppStore|Any CPU.Build.0 = Release|Any CPU
		{01510C3E-0D18-45B4-8AEF-57403D248EDD}.AppStore|ARM.ActiveCfg = Release|Any CPU
		{01510C3E-0D18-45B4-8AEF-57403D248EDD}.AppStore|iPhone.ActiveCfg = Release|Any CPU
		{01510C3E-0D18-45B4-8AEF-57403D248EDD}.AppStore|iPhoneSimulator.ActiveCfg = Release|Any CPU
		{01510C3E-0D18-45B4-8AEF-57403D248EDD}.AppStore|Mixed Platforms.ActiveCfg = Release|Any CPU
		{01510C3E-0D18-45B4-8AEF-57403D248EDD}.AppStore|Mixed Platforms.Build.0 = Release|Any CPU
		{01510C3E-0D18-45B4-8AEF-57403D248EDD}.AppStore|x86.ActiveCfg = Release|Any CPU
		{01510C3E-0D18-45B4-8AEF-57403D248EDD}.Debug|Any CPU.ActiveCfg = Debug|Any CPU
		{01510C3E-0D18-45B4-8AEF-57403D248EDD}.Debug|Any CPU.Build.0 = Debug|Any CPU
		{01510C3E-0D18-45B4-8AEF-57403D248EDD}.Debug|ARM.ActiveCfg = Debug|Any CPU
		{01510C3E-0D18-45B4-8AEF-57403D248EDD}.Debug|iPhone.ActiveCfg = Debug|Any CPU
		{01510C3E-0D18-45B4-8AEF-57403D248EDD}.Debug|iPhoneSimulator.ActiveCfg = Debug|Any CPU
		{01510C3E-0D18-45B4-8AEF-57403D248EDD}.Debug|Mixed Platforms.ActiveCfg = Debug|Any CPU
		{01510C3E-0D18-45B4-8AEF-57403D248EDD}.Debug|Mixed Platforms.Build.0 = Debug|Any CPU
		{01510C3E-0D18-45B4-8AEF-57403D248EDD}.Debug|x86.ActiveCfg = Debug|Any CPU
		{01510C3E-0D18-45B4-8AEF-57403D248EDD}.Release|Any CPU.ActiveCfg = Release|Any CPU
		{01510C3E-0D18-45B4-8AEF-57403D248EDD}.Release|Any CPU.Build.0 = Release|Any CPU
		{01510C3E-0D18-45B4-8AEF-57403D248EDD}.Release|ARM.ActiveCfg = Release|Any CPU
		{01510C3E-0D18-45B4-8AEF-57403D248EDD}.Release|iPhone.ActiveCfg = Release|Any CPU
		{01510C3E-0D18-45B4-8AEF-57403D248EDD}.Release|iPhoneSimulator.ActiveCfg = Release|Any CPU
		{01510C3E-0D18-45B4-8AEF-57403D248EDD}.Release|Mixed Platforms.ActiveCfg = Release|Any CPU
		{01510C3E-0D18-45B4-8AEF-57403D248EDD}.Release|Mixed Platforms.Build.0 = Release|Any CPU
		{01510C3E-0D18-45B4-8AEF-57403D248EDD}.Release|x86.ActiveCfg = Release|Any CPU
	EndGlobalSection
	GlobalSection(SolutionProperties) = preSolution
		HideSolutionNode = FALSE
	EndGlobalSection
	GlobalSection(NestedProjects) = preSolution
		{07EF6707-B284-4068-9B2F-48998782BC9F} = {AFDCE25A-4480-4ED6-8C8F-A41E30ED6689}
		{C51D26F4-E780-4BDE-84FC-AADC6AE63D5B} = {AFDCE25A-4480-4ED6-8C8F-A41E30ED6689}
		{1847098B-FE9E-4E40-AA69-9E70FAF5D06E} = {9827B4C3-A069-4229-A51A-55E71B94F50C}
		{9CE8A3B9-5900-4D8B-81A6-C33513553E97} = {9827B4C3-A069-4229-A51A-55E71B94F50C}
		{9E13148D-726D-4E42-B924-4A1AF4F0DC3E} = {9827B4C3-A069-4229-A51A-55E71B94F50C}
		{0CFEE3A4-F914-4C45-BE13-A344C9CFA134} = {52CC8E05-71B2-4F03-A98B-867540206F15}
		{D24B4EF4-9B8C-4F89-BFC6-F76007936382} = {52CC8E05-71B2-4F03-A98B-867540206F15}
		{DED26D13-381A-4235-9B68-48387FAD03C7} = {52CC8E05-71B2-4F03-A98B-867540206F15}
		{01510C3E-0D18-45B4-8AEF-57403D248EDD} = {52CC8E05-71B2-4F03-A98B-867540206F15}
	EndGlobalSection
EndGlobal
