
Microsoft Visual Studio Solution File, Format Version 12.00
# Visual Studio 2013
VisualStudioVersion = 12.0.30110.0
MinimumVisualStudioVersion = 10.0.40219.1
Project("{FAE04EC0-301F-11D3-BF4B-00C04F79EFBC}") = "Lime.Web", "Lime.Web\Lime.Web.csproj", "{7017CC97-1450-4851-A39A-B4A611BC2AA0}"
EndProject
Project("{FAE04EC0-301F-11D3-BF4B-00C04F79EFBC}") = "Lime.Protocol", "Lime.Protocol\Lime.Protocol.csproj", "{BD98C983-6DAD-4EB6-B728-4619C7ACA6E9}"
EndProject
Project("{FAE04EC0-301F-11D3-BF4B-00C04F79EFBC}") = "Lime.Protocol.Pcl", "Lime.Protocol.Pcl\Lime.Protocol.Pcl.csproj", "{024CCDAA-7ED2-4528-94D8-A3940BCBE19D}"
EndProject
Project("{2150E333-8FDC-42A3-9474-1A3956D46DE8}") = "Solution items", "Solution items", "{B5C3B9C9-FDAD-4CF1-87F0-133A31090FE9}"
	ProjectSection(SolutionItems) = preProject
		..\LICENSE = ..\LICENSE
		..\README.md = ..\README.md
	EndProjectSection
EndProject
Project("{FAE04EC0-301F-11D3-BF4B-00C04F79EFBC}") = "Lime.Protocol.Tcp", "Lime.Protocol.Tcp\Lime.Protocol.Tcp.csproj", "{0EE0DB06-832F-4D33-96A8-0D2703AF27A9}"
EndProject
Project("{FAE04EC0-301F-11D3-BF4B-00C04F79EFBC}") = "Lime.Protocol.UnitTests", "Lime.Protocol.UnitTests\Lime.Protocol.UnitTests.csproj", "{1C6D3DB7-ECF0-4013-80EE-76688AED4176}"
EndProject
Project("{FAE04EC0-301F-11D3-BF4B-00C04F79EFBC}") = "Lime.Protocol.Serialization.ServiceStack", "Lime.Protocol.Serialization.ServiceStack\Lime.Protocol.Serialization.ServiceStack.csproj", "{0BD5D84E-79C4-415F-A668-F57B5AF555FD}"
EndProject
Project("{FAE04EC0-301F-11D3-BF4B-00C04F79EFBC}") = "Lime.Protocol.Serialization.Newtonsoft", "Lime.Protocol.Serialization.Newtonsoft\Lime.Protocol.Serialization.Newtonsoft.csproj", "{07EF6707-B284-4068-9B2F-48998782BC9F}"
EndProject
Project("{FAE04EC0-301F-11D3-BF4B-00C04F79EFBC}") = "Lime.Protocol.Serialization.Newtonsoft.UnitTests", "Lime.Protocol.Serialization.Newtonsoft.UnitTests\Lime.Protocol.Serialization.Newtonsoft.UnitTests.csproj", "{C51D26F4-E780-4BDE-84FC-AADC6AE63D5B}"
EndProject
Project("{FAE04EC0-301F-11D3-BF4B-00C04F79EFBC}") = "Lime.Protocol.Serialization.ServiceStack.UnitTests", "Lime.Protocol.Serialization.ServiceStack.UnitTests\Lime.Protocol.Serialization.ServiceStack.UnitTests.csproj", "{65AF3FF1-3410-4F12-B798-206CE673BAD1}"
EndProject
Project("{2150E333-8FDC-42A3-9474-1A3956D46DE8}") = "Serialization", "Serialization", "{AFDCE25A-4480-4ED6-8C8F-A41E30ED6689}"
EndProject
Global
	GlobalSection(SolutionConfigurationPlatforms) = preSolution
		Debug|Any CPU = Debug|Any CPU
		Release|Any CPU = Release|Any CPU
	EndGlobalSection
	GlobalSection(ProjectConfigurationPlatforms) = postSolution
		{7017CC97-1450-4851-A39A-B4A611BC2AA0}.Debug|Any CPU.ActiveCfg = Debug|Any CPU
		{7017CC97-1450-4851-A39A-B4A611BC2AA0}.Debug|Any CPU.Build.0 = Debug|Any CPU
		{7017CC97-1450-4851-A39A-B4A611BC2AA0}.Release|Any CPU.ActiveCfg = Release|Any CPU
		{7017CC97-1450-4851-A39A-B4A611BC2AA0}.Release|Any CPU.Build.0 = Release|Any CPU
		{BD98C983-6DAD-4EB6-B728-4619C7ACA6E9}.Debug|Any CPU.ActiveCfg = Debug|Any CPU
		{BD98C983-6DAD-4EB6-B728-4619C7ACA6E9}.Debug|Any CPU.Build.0 = Debug|Any CPU
		{BD98C983-6DAD-4EB6-B728-4619C7ACA6E9}.Release|Any CPU.ActiveCfg = Release|Any CPU
		{BD98C983-6DAD-4EB6-B728-4619C7ACA6E9}.Release|Any CPU.Build.0 = Release|Any CPU
		{024CCDAA-7ED2-4528-94D8-A3940BCBE19D}.Debug|Any CPU.ActiveCfg = Debug|Any CPU
		{024CCDAA-7ED2-4528-94D8-A3940BCBE19D}.Debug|Any CPU.Build.0 = Debug|Any CPU
		{024CCDAA-7ED2-4528-94D8-A3940BCBE19D}.Release|Any CPU.ActiveCfg = Release|Any CPU
		{024CCDAA-7ED2-4528-94D8-A3940BCBE19D}.Release|Any CPU.Build.0 = Release|Any CPU
		{0EE0DB06-832F-4D33-96A8-0D2703AF27A9}.Debug|Any CPU.ActiveCfg = Debug|Any CPU
		{0EE0DB06-832F-4D33-96A8-0D2703AF27A9}.Debug|Any CPU.Build.0 = Debug|Any CPU
		{0EE0DB06-832F-4D33-96A8-0D2703AF27A9}.Release|Any CPU.ActiveCfg = Release|Any CPU
		{0EE0DB06-832F-4D33-96A8-0D2703AF27A9}.Release|Any CPU.Build.0 = Release|Any CPU
		{1C6D3DB7-ECF0-4013-80EE-76688AED4176}.Debug|Any CPU.ActiveCfg = Debug|Any CPU
		{1C6D3DB7-ECF0-4013-80EE-76688AED4176}.Debug|Any CPU.Build.0 = Debug|Any CPU
		{1C6D3DB7-ECF0-4013-80EE-76688AED4176}.Release|Any CPU.ActiveCfg = Release|Any CPU
		{1C6D3DB7-ECF0-4013-80EE-76688AED4176}.Release|Any CPU.Build.0 = Release|Any CPU
		{0BD5D84E-79C4-415F-A668-F57B5AF555FD}.Debug|Any CPU.ActiveCfg = Debug|Any CPU
		{0BD5D84E-79C4-415F-A668-F57B5AF555FD}.Debug|Any CPU.Build.0 = Debug|Any CPU
		{0BD5D84E-79C4-415F-A668-F57B5AF555FD}.Release|Any CPU.ActiveCfg = Release|Any CPU
		{0BD5D84E-79C4-415F-A668-F57B5AF555FD}.Release|Any CPU.Build.0 = Release|Any CPU
		{07EF6707-B284-4068-9B2F-48998782BC9F}.Debug|Any CPU.ActiveCfg = Debug|Any CPU
		{07EF6707-B284-4068-9B2F-48998782BC9F}.Debug|Any CPU.Build.0 = Debug|Any CPU
		{07EF6707-B284-4068-9B2F-48998782BC9F}.Release|Any CPU.ActiveCfg = Release|Any CPU
		{07EF6707-B284-4068-9B2F-48998782BC9F}.Release|Any CPU.Build.0 = Release|Any CPU
		{C51D26F4-E780-4BDE-84FC-AADC6AE63D5B}.Debug|Any CPU.ActiveCfg = Debug|Any CPU
		{C51D26F4-E780-4BDE-84FC-AADC6AE63D5B}.Debug|Any CPU.Build.0 = Debug|Any CPU
		{C51D26F4-E780-4BDE-84FC-AADC6AE63D5B}.Release|Any CPU.ActiveCfg = Release|Any CPU
		{C51D26F4-E780-4BDE-84FC-AADC6AE63D5B}.Release|Any CPU.Build.0 = Release|Any CPU
		{65AF3FF1-3410-4F12-B798-206CE673BAD1}.Debug|Any CPU.ActiveCfg = Debug|Any CPU
		{65AF3FF1-3410-4F12-B798-206CE673BAD1}.Debug|Any CPU.Build.0 = Debug|Any CPU
		{65AF3FF1-3410-4F12-B798-206CE673BAD1}.Release|Any CPU.ActiveCfg = Release|Any CPU
		{65AF3FF1-3410-4F12-B798-206CE673BAD1}.Release|Any CPU.Build.0 = Release|Any CPU
	EndGlobalSection
	GlobalSection(SolutionProperties) = preSolution
		HideSolutionNode = FALSE
	EndGlobalSection
	GlobalSection(NestedProjects) = preSolution
		{07EF6707-B284-4068-9B2F-48998782BC9F} = {AFDCE25A-4480-4ED6-8C8F-A41E30ED6689}
		{C51D26F4-E780-4BDE-84FC-AADC6AE63D5B} = {AFDCE25A-4480-4ED6-8C8F-A41E30ED6689}
		{0BD5D84E-79C4-415F-A668-F57B5AF555FD} = {AFDCE25A-4480-4ED6-8C8F-A41E30ED6689}
		{65AF3FF1-3410-4F12-B798-206CE673BAD1} = {AFDCE25A-4480-4ED6-8C8F-A41E30ED6689}
	EndGlobalSection
EndGlobal
