
Microsoft Visual Studio Solution File, Format Version 12.00
# Visual Studio 14
VisualStudioVersion = 14.0.25420.1
MinimumVisualStudioVersion = 10.0.40219.1
Project("{FAE04EC0-301F-11D3-BF4B-00C04F79EFBC}") = "Lime.Client.TestConsole", "Lime.Client.TestConsole\Lime.Client.TestConsole.csproj", "{9E13148D-726D-4E42-B924-4A1AF4F0DC3E}"
EndProject
Project("{FAE04EC0-301F-11D3-BF4B-00C04F79EFBC}") = "Lime.Client.Windows", "Lime.Client.Windows\Lime.Client.Windows.csproj", "{1847098B-FE9E-4E40-AA69-9E70FAF5D06E}"
EndProject
Global
	GlobalSection(SolutionConfigurationPlatforms) = preSolution
		Debug|Any CPU = Debug|Any CPU
		Release|Any CPU = Release|Any CPU
	EndGlobalSection
	GlobalSection(ProjectConfigurationPlatforms) = postSolution
		{9E13148D-726D-4E42-B924-4A1AF4F0DC3E}.Debug|Any CPU.ActiveCfg = Debug|Any CPU
		{9E13148D-726D-4E42-B924-4A1AF4F0DC3E}.Debug|Any CPU.Build.0 = Debug|Any CPU
		{9E13148D-726D-4E42-B924-4A1AF4F0DC3E}.Release|Any CPU.ActiveCfg = Release|Any CPU
		{9E13148D-726D-4E42-B924-4A1AF4F0DC3E}.Release|Any CPU.Build.0 = Release|Any CPU
		{1847098B-FE9E-4E40-AA69-9E70FAF5D06E}.Debug|Any CPU.ActiveCfg = Debug|Any CPU
		{1847098B-FE9E-4E40-AA69-9E70FAF5D06E}.Debug|Any CPU.Build.0 = Debug|Any CPU
		{1847098B-FE9E-4E40-AA69-9E70FAF5D06E}.Release|Any CPU.ActiveCfg = Release|Any CPU
		{1847098B-FE9E-4E40-AA69-9E70FAF5D06E}.Release|Any CPU.Build.0 = Release|Any CPU
	EndGlobalSection
	GlobalSection(SolutionProperties) = preSolution
		HideSolutionNode = FALSE
	EndGlobalSection
EndGlobal
