
Microsoft Visual Studio Solution File, Format Version 12.00
# Visual Studio 14
VisualStudioVersion = 14.0.25420.1
MinimumVisualStudioVersion = 10.0.40219.1
Project("{8BB2217D-0F2D-49D1-97BC-3654ED321F3B}") = "Lime.Protocol", "Lime.Protocol\Lime.Protocol.xproj", "{041927B9-C479-4BFA-97BB-C885F711EAE6}"
EndProject
Project("{8BB2217D-0F2D-49D1-97BC-3654ED321F3B}") = "Lime.Messaging", "Lime.Messaging\Lime.Messaging.xproj", "{2E17CD5C-DE66-48D7-8E5D-4813697A0C11}"
EndProject
Project("{8BB2217D-0F2D-49D1-97BC-3654ED321F3B}") = "Lime.Transport.Tcp", "Lime.Transport.Tcp\Lime.Transport.Tcp.xproj", "{27142C06-D423-43CA-B027-DE01035FAA5F}"
EndProject
Project("{8BB2217D-0F2D-49D1-97BC-3654ED321F3B}") = "Lime.Protocol.Serialization", "Lime.Protocol.Serialization\Lime.Protocol.Serialization.xproj", "{3E25EB12-76F9-4C8F-8D25-F07EEC70C7F7}"
EndProject
Project("{8BB2217D-0F2D-49D1-97BC-3654ED321F3B}") = "Lime.Sample.Client", "Lime.Sample.Client\Lime.Sample.Client.xproj", "{60122D39-7BBD-4985-B99B-49736D8B1709}"
EndProject
Project("{8BB2217D-0F2D-49D1-97BC-3654ED321F3B}") = "Lime.Protocol.UnitTest", "Lime.Protocol.UnitTest\Lime.Protocol.UnitTest.xproj", "{68264F2D-11EB-4EB0-91B0-8E4B248A7965}"
EndProject
Project("{8BB2217D-0F2D-49D1-97BC-3654ED321F3B}") = "Lime.Sample.Server", "Lime.Sample.Server\Lime.Sample.Server.xproj", "{B28C6CDD-7041-4BBC-9390-69004115480A}"
EndProject
Project("{8BB2217D-0F2D-49D1-97BC-3654ED321F3B}") = "Lime.Protocol.LoadTests", "Lime.Protocol.LoadTests\Lime.Protocol.LoadTests.xproj", "{C0D7D522-F7FA-4D69-BC2D-396B4294F6C6}"
EndProject
Project("{8BB2217D-0F2D-49D1-97BC-3654ED321F3B}") = "Lime.Protocol.Serialization.ServiceStack", "Lime.Protocol.Serialization.ServiceStack\Lime.Protocol.Serialization.ServiceStack.xproj", "{35F50864-6D9D-4E58-9331-90CC3E00B3DA}"
EndProject
Project("{8BB2217D-0F2D-49D1-97BC-3654ED321F3B}") = "Lime.Protocol.Serialization.ServiceStack.UnitTests", "Lime.Protocol.Serialization.ServiceStack.UnitTests\Lime.Protocol.Serialization.ServiceStack.UnitTests.xproj", "{A000490B-4124-4DE3-8A0D-9840D20951BD}"
EndProject
Project("{8BB2217D-0F2D-49D1-97BC-3654ED321F3B}") = "Lime.Transport.Tcp.UnitTests", "Lime.Transport.Tcp.UnitTests\Lime.Transport.Tcp.UnitTests.xproj", "{068EDBA5-9650-40A7-874A-0ACF66659859}"
EndProject
Project("{8BB2217D-0F2D-49D1-97BC-3654ED321F3B}") = "Lime.Transport.Http", "Lime.Transport.Http\Lime.Transport.Http.xproj", "{C572407B-BA88-4810-917E-80BFF3506C7A}"
EndProject
Project("{8BB2217D-0F2D-49D1-97BC-3654ED321F3B}") = "Lime.Transport.Http.UnitTests", "Lime.Transport.Http.UnitTests\Lime.Transport.Http.UnitTests.xproj", "{EF890348-DE0D-4741-A524-205273DE0C62}"
EndProject
Project("{8BB2217D-0F2D-49D1-97BC-3654ED321F3B}") = "Lime.Transport.Redis", "Lime.Transport.Redis\Lime.Transport.Redis.xproj", "{71102AD6-B75B-481B-ADFE-D9769134B23B}"
EndProject
Project("{8BB2217D-0F2D-49D1-97BC-3654ED321F3B}") = "Lime.Transport.Redis.UnitTests", "Lime.Transport.Redis.UnitTests\Lime.Transport.Redis.UnitTests.xproj", "{355EE108-16FD-4846-AF5F-B633063BF9E9}"
EndProject
Project("{8BB2217D-0F2D-49D1-97BC-3654ED321F3B}") = "Lime.Transport.WebSocket", "Lime.Transport.WebSocket\Lime.Transport.WebSocket.xproj", "{4C50C2D2-4CAB-4FAA-96D6-DE412D2817DA}"
EndProject
Project("{8BB2217D-0F2D-49D1-97BC-3654ED321F3B}") = "Lime.Transport.WebSocket.UnitTests", "Lime.Transport.WebSocket.UnitTests\Lime.Transport.WebSocket.UnitTests.xproj", "{FA70C038-FADD-4C79-BC43-61492D667E98}"
EndProject
Project("{8BB2217D-0F2D-49D1-97BC-3654ED321F3B}") = "Lime.Client.Console.Mono", "Lime.Client.Console.Mono\Lime.Client.Console.Mono.xproj", "{1A5C1C44-EF2D-4A0A-8654-1BC89A5D7902}"
EndProject
Global
	GlobalSection(SolutionConfigurationPlatforms) = preSolution
		Debug|Any CPU = Debug|Any CPU
		Release|Any CPU = Release|Any CPU
	EndGlobalSection
	GlobalSection(ProjectConfigurationPlatforms) = postSolution
		{041927B9-C479-4BFA-97BB-C885F711EAE6}.Debug|Any CPU.ActiveCfg = Debug|Any CPU
		{041927B9-C479-4BFA-97BB-C885F711EAE6}.Debug|Any CPU.Build.0 = Debug|Any CPU
		{041927B9-C479-4BFA-97BB-C885F711EAE6}.Release|Any CPU.ActiveCfg = Release|Any CPU
		{041927B9-C479-4BFA-97BB-C885F711EAE6}.Release|Any CPU.Build.0 = Release|Any CPU
		{2E17CD5C-DE66-48D7-8E5D-4813697A0C11}.Debug|Any CPU.ActiveCfg = Debug|Any CPU
		{2E17CD5C-DE66-48D7-8E5D-4813697A0C11}.Debug|Any CPU.Build.0 = Debug|Any CPU
		{2E17CD5C-DE66-48D7-8E5D-4813697A0C11}.Release|Any CPU.ActiveCfg = Release|Any CPU
		{2E17CD5C-DE66-48D7-8E5D-4813697A0C11}.Release|Any CPU.Build.0 = Release|Any CPU
		{27142C06-D423-43CA-B027-DE01035FAA5F}.Debug|Any CPU.ActiveCfg = Debug|Any CPU
		{27142C06-D423-43CA-B027-DE01035FAA5F}.Debug|Any CPU.Build.0 = Debug|Any CPU
		{27142C06-D423-43CA-B027-DE01035FAA5F}.Release|Any CPU.ActiveCfg = Release|Any CPU
		{27142C06-D423-43CA-B027-DE01035FAA5F}.Release|Any CPU.Build.0 = Release|Any CPU
		{3E25EB12-76F9-4C8F-8D25-F07EEC70C7F7}.Debug|Any CPU.ActiveCfg = Debug|Any CPU
		{3E25EB12-76F9-4C8F-8D25-F07EEC70C7F7}.Debug|Any CPU.Build.0 = Debug|Any CPU
		{3E25EB12-76F9-4C8F-8D25-F07EEC70C7F7}.Release|Any CPU.ActiveCfg = Release|Any CPU
		{3E25EB12-76F9-4C8F-8D25-F07EEC70C7F7}.Release|Any CPU.Build.0 = Release|Any CPU
		{60122D39-7BBD-4985-B99B-49736D8B1709}.Debug|Any CPU.ActiveCfg = Debug|Any CPU
		{60122D39-7BBD-4985-B99B-49736D8B1709}.Debug|Any CPU.Build.0 = Debug|Any CPU
		{60122D39-7BBD-4985-B99B-49736D8B1709}.Release|Any CPU.ActiveCfg = Release|Any CPU
		{60122D39-7BBD-4985-B99B-49736D8B1709}.Release|Any CPU.Build.0 = Release|Any CPU
		{68264F2D-11EB-4EB0-91B0-8E4B248A7965}.Debug|Any CPU.ActiveCfg = Debug|Any CPU
		{68264F2D-11EB-4EB0-91B0-8E4B248A7965}.Debug|Any CPU.Build.0 = Debug|Any CPU
		{68264F2D-11EB-4EB0-91B0-8E4B248A7965}.Release|Any CPU.ActiveCfg = Release|Any CPU
		{68264F2D-11EB-4EB0-91B0-8E4B248A7965}.Release|Any CPU.Build.0 = Release|Any CPU
		{B28C6CDD-7041-4BBC-9390-69004115480A}.Debug|Any CPU.ActiveCfg = Debug|Any CPU
		{B28C6CDD-7041-4BBC-9390-69004115480A}.Debug|Any CPU.Build.0 = Debug|Any CPU
		{B28C6CDD-7041-4BBC-9390-69004115480A}.Release|Any CPU.ActiveCfg = Release|Any CPU
		{B28C6CDD-7041-4BBC-9390-69004115480A}.Release|Any CPU.Build.0 = Release|Any CPU
		{C0D7D522-F7FA-4D69-BC2D-396B4294F6C6}.Debug|Any CPU.ActiveCfg = Debug|Any CPU
		{C0D7D522-F7FA-4D69-BC2D-396B4294F6C6}.Debug|Any CPU.Build.0 = Debug|Any CPU
		{C0D7D522-F7FA-4D69-BC2D-396B4294F6C6}.Release|Any CPU.ActiveCfg = Release|Any CPU
		{C0D7D522-F7FA-4D69-BC2D-396B4294F6C6}.Release|Any CPU.Build.0 = Release|Any CPU
		{35F50864-6D9D-4E58-9331-90CC3E00B3DA}.Debug|Any CPU.ActiveCfg = Debug|Any CPU
		{35F50864-6D9D-4E58-9331-90CC3E00B3DA}.Debug|Any CPU.Build.0 = Debug|Any CPU
		{35F50864-6D9D-4E58-9331-90CC3E00B3DA}.Release|Any CPU.ActiveCfg = Release|Any CPU
		{35F50864-6D9D-4E58-9331-90CC3E00B3DA}.Release|Any CPU.Build.0 = Release|Any CPU
		{A000490B-4124-4DE3-8A0D-9840D20951BD}.Debug|Any CPU.ActiveCfg = Debug|Any CPU
		{A000490B-4124-4DE3-8A0D-9840D20951BD}.Debug|Any CPU.Build.0 = Debug|Any CPU
		{A000490B-4124-4DE3-8A0D-9840D20951BD}.Release|Any CPU.ActiveCfg = Release|Any CPU
		{A000490B-4124-4DE3-8A0D-9840D20951BD}.Release|Any CPU.Build.0 = Release|Any CPU
		{068EDBA5-9650-40A7-874A-0ACF66659859}.Debug|Any CPU.ActiveCfg = Debug|Any CPU
		{068EDBA5-9650-40A7-874A-0ACF66659859}.Debug|Any CPU.Build.0 = Debug|Any CPU
		{068EDBA5-9650-40A7-874A-0ACF66659859}.Release|Any CPU.ActiveCfg = Release|Any CPU
		{068EDBA5-9650-40A7-874A-0ACF66659859}.Release|Any CPU.Build.0 = Release|Any CPU
		{C572407B-BA88-4810-917E-80BFF3506C7A}.Debug|Any CPU.ActiveCfg = Debug|Any CPU
		{C572407B-BA88-4810-917E-80BFF3506C7A}.Debug|Any CPU.Build.0 = Debug|Any CPU
		{C572407B-BA88-4810-917E-80BFF3506C7A}.Release|Any CPU.ActiveCfg = Release|Any CPU
		{C572407B-BA88-4810-917E-80BFF3506C7A}.Release|Any CPU.Build.0 = Release|Any CPU
		{EF890348-DE0D-4741-A524-205273DE0C62}.Debug|Any CPU.ActiveCfg = Debug|Any CPU
		{EF890348-DE0D-4741-A524-205273DE0C62}.Debug|Any CPU.Build.0 = Debug|Any CPU
		{EF890348-DE0D-4741-A524-205273DE0C62}.Release|Any CPU.ActiveCfg = Release|Any CPU
		{EF890348-DE0D-4741-A524-205273DE0C62}.Release|Any CPU.Build.0 = Release|Any CPU
		{71102AD6-B75B-481B-ADFE-D9769134B23B}.Debug|Any CPU.ActiveCfg = Debug|Any CPU
		{71102AD6-B75B-481B-ADFE-D9769134B23B}.Debug|Any CPU.Build.0 = Debug|Any CPU
		{71102AD6-B75B-481B-ADFE-D9769134B23B}.Release|Any CPU.ActiveCfg = Release|Any CPU
		{71102AD6-B75B-481B-ADFE-D9769134B23B}.Release|Any CPU.Build.0 = Release|Any CPU
		{355EE108-16FD-4846-AF5F-B633063BF9E9}.Debug|Any CPU.ActiveCfg = Debug|Any CPU
		{355EE108-16FD-4846-AF5F-B633063BF9E9}.Debug|Any CPU.Build.0 = Debug|Any CPU
		{355EE108-16FD-4846-AF5F-B633063BF9E9}.Release|Any CPU.ActiveCfg = Release|Any CPU
		{355EE108-16FD-4846-AF5F-B633063BF9E9}.Release|Any CPU.Build.0 = Release|Any CPU
		{4C50C2D2-4CAB-4FAA-96D6-DE412D2817DA}.Debug|Any CPU.ActiveCfg = Debug|Any CPU
		{4C50C2D2-4CAB-4FAA-96D6-DE412D2817DA}.Debug|Any CPU.Build.0 = Debug|Any CPU
		{4C50C2D2-4CAB-4FAA-96D6-DE412D2817DA}.Release|Any CPU.ActiveCfg = Release|Any CPU
		{4C50C2D2-4CAB-4FAA-96D6-DE412D2817DA}.Release|Any CPU.Build.0 = Release|Any CPU
		{FA70C038-FADD-4C79-BC43-61492D667E98}.Debug|Any CPU.ActiveCfg = Debug|Any CPU
		{FA70C038-FADD-4C79-BC43-61492D667E98}.Debug|Any CPU.Build.0 = Debug|Any CPU
		{FA70C038-FADD-4C79-BC43-61492D667E98}.Release|Any CPU.ActiveCfg = Release|Any CPU
		{FA70C038-FADD-4C79-BC43-61492D667E98}.Release|Any CPU.Build.0 = Release|Any CPU
		{1A5C1C44-EF2D-4A0A-8654-1BC89A5D7902}.Debug|Any CPU.ActiveCfg = Debug|Any CPU
		{1A5C1C44-EF2D-4A0A-8654-1BC89A5D7902}.Debug|Any CPU.Build.0 = Debug|Any CPU
		{1A5C1C44-EF2D-4A0A-8654-1BC89A5D7902}.Release|Any CPU.ActiveCfg = Release|Any CPU
		{1A5C1C44-EF2D-4A0A-8654-1BC89A5D7902}.Release|Any CPU.Build.0 = Release|Any CPU
	EndGlobalSection
	GlobalSection(SolutionProperties) = preSolution
		HideSolutionNode = FALSE
	EndGlobalSection
EndGlobal
