
Microsoft Visual Studio Solution File, Format Version 12.00
# Visual Studio 15
VisualStudioVersion = 15.0.26403.0
MinimumVisualStudioVersion = 10.0.40219.1
Project("{2150E333-8FDC-42A3-9474-1A3956D46DE8}") = "Samples", "Samples", "{967A83B8-5E7F-47F1-91A0-B4415587E783}"
EndProject
Project("{2150E333-8FDC-42A3-9474-1A3956D46DE8}") = "Transports", "Transports", "{215CAFFF-E0B2-4107-86B4-DFB767339781}"
EndProject
Project("{2150E333-8FDC-42A3-9474-1A3956D46DE8}") = "Solution Items", "Solution Items", "{0B6E3D3A-B9F8-46EC-AD0F-6BE117A8C6C6}"
	ProjectSection(SolutionItems) = preProject
		..\.gitignore = ..\.gitignore
		..\appveyor.yml = ..\appveyor.yml
		..\README.md = ..\README.md
	EndProjectSection
EndProject
Project("{9A19103F-16F7-4668-BE54-9A1E7A4F7556}") = "Lime.Protocol", "Lime.Protocol\Lime.Protocol.csproj", "{041927B9-C479-4BFA-97BB-C885F711EAE6}"
EndProject
Project("{9A19103F-16F7-4668-BE54-9A1E7A4F7556}") = "Lime.Messaging", "Lime.Messaging\Lime.Messaging.csproj", "{2E17CD5C-DE66-48D7-8E5D-4813697A0C11}"
EndProject
Project("{9A19103F-16F7-4668-BE54-9A1E7A4F7556}") = "Lime.Transport.Tcp", "Lime.Transport.Tcp\Lime.Transport.Tcp.csproj", "{27142C06-D423-43CA-B027-DE01035FAA5F}"
EndProject
Project("{9A19103F-16F7-4668-BE54-9A1E7A4F7556}") = "Lime.Protocol.Serialization", "Lime.Protocol.Serialization\Lime.Protocol.Serialization.csproj", "{3E25EB12-76F9-4C8F-8D25-F07EEC70C7F7}"
EndProject
Project("{9A19103F-16F7-4668-BE54-9A1E7A4F7556}") = "Lime.Sample.Client", "Lime.Sample.Client\Lime.Sample.Client.csproj", "{60122D39-7BBD-4985-B99B-49736D8B1709}"
EndProject
Project("{9A19103F-16F7-4668-BE54-9A1E7A4F7556}") = "Lime.Protocol.UnitTests", "Lime.Protocol.UnitTests\Lime.Protocol.UnitTests.csproj", "{68264F2D-11EB-4EB0-91B0-8E4B248A7965}"
EndProject
Project("{9A19103F-16F7-4668-BE54-9A1E7A4F7556}") = "Lime.Sample.Server", "Lime.Sample.Server\Lime.Sample.Server.csproj", "{B28C6CDD-7041-4BBC-9390-69004115480A}"
EndProject
Project("{9A19103F-16F7-4668-BE54-9A1E7A4F7556}") = "Lime.Protocol.LoadTests", "Lime.Protocol.LoadTests\Lime.Protocol.LoadTests.csproj", "{C0D7D522-F7FA-4D69-BC2D-396B4294F6C6}"
EndProject
Project("{9A19103F-16F7-4668-BE54-9A1E7A4F7556}") = "Lime.Transport.Tcp.UnitTests", "Lime.Transport.Tcp.UnitTests\Lime.Transport.Tcp.UnitTests.csproj", "{068EDBA5-9650-40A7-874A-0ACF66659859}"
EndProject
Project("{9A19103F-16F7-4668-BE54-9A1E7A4F7556}") = "Lime.Transport.Http", "Lime.Transport.Http\Lime.Transport.Http.csproj", "{C572407B-BA88-4810-917E-80BFF3506C7A}"
EndProject
Project("{9A19103F-16F7-4668-BE54-9A1E7A4F7556}") = "Lime.Transport.Http.UnitTests", "Lime.Transport.Http.UnitTests\Lime.Transport.Http.UnitTests.csproj", "{EF890348-DE0D-4741-A524-205273DE0C62}"
EndProject
Project("{9A19103F-16F7-4668-BE54-9A1E7A4F7556}") = "Lime.Transport.Redis", "Lime.Transport.Redis\Lime.Transport.Redis.csproj", "{71102AD6-B75B-481B-ADFE-D9769134B23B}"
EndProject
Project("{9A19103F-16F7-4668-BE54-9A1E7A4F7556}") = "Lime.Transport.Redis.UnitTests", "Lime.Transport.Redis.UnitTests\Lime.Transport.Redis.UnitTests.csproj", "{355EE108-16FD-4846-AF5F-B633063BF9E9}"
EndProject
Project("{9A19103F-16F7-4668-BE54-9A1E7A4F7556}") = "Lime.Transport.WebSocket", "Lime.Transport.WebSocket\Lime.Transport.WebSocket.csproj", "{4C50C2D2-4CAB-4FAA-96D6-DE412D2817DA}"
EndProject
Project("{9A19103F-16F7-4668-BE54-9A1E7A4F7556}") = "Lime.Transport.WebSocket.UnitTests", "Lime.Transport.WebSocket.UnitTests\Lime.Transport.WebSocket.UnitTests.csproj", "{FA70C038-FADD-4C79-BC43-61492D667E98}"
EndProject
Global
	GlobalSection(SolutionConfigurationPlatforms) = preSolution
		Debug|Any CPU = Debug|Any CPU
		Release|Any CPU = Release|Any CPU
	EndGlobalSection
	GlobalSection(ProjectConfigurationPlatforms) = postSolution
		{041927B9-C479-4BFA-97BB-C885F711EAE6}.Debug|Any CPU.ActiveCfg = Debug|Any CPU
		{041927B9-C479-4BFA-97BB-C885F711EAE6}.Debug|Any CPU.Build.0 = Debug|Any CPU
		{041927B9-C479-4BFA-97BB-C885F711EAE6}.Release|Any CPU.ActiveCfg = Release|Any CPU
		{041927B9-C479-4BFA-97BB-C885F711EAE6}.Release|Any CPU.Build.0 = Release|Any CPU
		{2E17CD5C-DE66-48D7-8E5D-4813697A0C11}.Debug|Any CPU.ActiveCfg = Debug|Any CPU
		{2E17CD5C-DE66-48D7-8E5D-4813697A0C11}.Debug|Any CPU.Build.0 = Debug|Any CPU
		{2E17CD5C-DE66-48D7-8E5D-4813697A0C11}.Release|Any CPU.ActiveCfg = Release|Any CPU
		{2E17CD5C-DE66-48D7-8E5D-4813697A0C11}.Release|Any CPU.Build.0 = Release|Any CPU
		{27142C06-D423-43CA-B027-DE01035FAA5F}.Debug|Any CPU.ActiveCfg = Debug|Any CPU
		{27142C06-D423-43CA-B027-DE01035FAA5F}.Debug|Any CPU.Build.0 = Debug|Any CPU
		{27142C06-D423-43CA-B027-DE01035FAA5F}.Release|Any CPU.ActiveCfg = Release|Any CPU
		{27142C06-D423-43CA-B027-DE01035FAA5F}.Release|Any CPU.Build.0 = Release|Any CPU
		{3E25EB12-76F9-4C8F-8D25-F07EEC70C7F7}.Debug|Any CPU.ActiveCfg = Debug|Any CPU
		{3E25EB12-76F9-4C8F-8D25-F07EEC70C7F7}.Debug|Any CPU.Build.0 = Debug|Any CPU
		{3E25EB12-76F9-4C8F-8D25-F07EEC70C7F7}.Release|Any CPU.ActiveCfg = Release|Any CPU
		{3E25EB12-76F9-4C8F-8D25-F07EEC70C7F7}.Release|Any CPU.Build.0 = Release|Any CPU
		{60122D39-7BBD-4985-B99B-49736D8B1709}.Debug|Any CPU.ActiveCfg = Debug|Any CPU
		{60122D39-7BBD-4985-B99B-49736D8B1709}.Debug|Any CPU.Build.0 = Debug|Any CPU
		{60122D39-7BBD-4985-B99B-49736D8B1709}.Release|Any CPU.ActiveCfg = Release|Any CPU
		{60122D39-7BBD-4985-B99B-49736D8B1709}.Release|Any CPU.Build.0 = Release|Any CPU
		{68264F2D-11EB-4EB0-91B0-8E4B248A7965}.Debug|Any CPU.ActiveCfg = Debug|Any CPU
		{68264F2D-11EB-4EB0-91B0-8E4B248A7965}.Debug|Any CPU.Build.0 = Debug|Any CPU
		{68264F2D-11EB-4EB0-91B0-8E4B248A7965}.Release|Any CPU.ActiveCfg = Release|Any CPU
		{68264F2D-11EB-4EB0-91B0-8E4B248A7965}.Release|Any CPU.Build.0 = Release|Any CPU
		{B28C6CDD-7041-4BBC-9390-69004115480A}.Debug|Any CPU.ActiveCfg = Debug|Any CPU
		{B28C6CDD-7041-4BBC-9390-69004115480A}.Debug|Any CPU.Build.0 = Debug|Any CPU
		{B28C6CDD-7041-4BBC-9390-69004115480A}.Release|Any CPU.ActiveCfg = Release|Any CPU
		{B28C6CDD-7041-4BBC-9390-69004115480A}.Release|Any CPU.Build.0 = Release|Any CPU
		{C0D7D522-F7FA-4D69-BC2D-396B4294F6C6}.Debug|Any CPU.ActiveCfg = Debug|Any CPU
		{C0D7D522-F7FA-4D69-BC2D-396B4294F6C6}.Debug|Any CPU.Build.0 = Debug|Any CPU
		{C0D7D522-F7FA-4D69-BC2D-396B4294F6C6}.Release|Any CPU.ActiveCfg = Release|Any CPU
		{C0D7D522-F7FA-4D69-BC2D-396B4294F6C6}.Release|Any CPU.Build.0 = Release|Any CPU
		{068EDBA5-9650-40A7-874A-0ACF66659859}.Debug|Any CPU.ActiveCfg = Debug|Any CPU
		{068EDBA5-9650-40A7-874A-0ACF66659859}.Debug|Any CPU.Build.0 = Debug|Any CPU
		{068EDBA5-9650-40A7-874A-0ACF66659859}.Release|Any CPU.ActiveCfg = Release|Any CPU
		{068EDBA5-9650-40A7-874A-0ACF66659859}.Release|Any CPU.Build.0 = Release|Any CPU
		{C572407B-BA88-4810-917E-80BFF3506C7A}.Debug|Any CPU.ActiveCfg = Debug|Any CPU
		{C572407B-BA88-4810-917E-80BFF3506C7A}.Debug|Any CPU.Build.0 = Debug|Any CPU
		{C572407B-BA88-4810-917E-80BFF3506C7A}.Release|Any CPU.ActiveCfg = Release|Any CPU
		{C572407B-BA88-4810-917E-80BFF3506C7A}.Release|Any CPU.Build.0 = Release|Any CPU
		{EF890348-DE0D-4741-A524-205273DE0C62}.Debug|Any CPU.ActiveCfg = Debug|Any CPU
		{EF890348-DE0D-4741-A524-205273DE0C62}.Debug|Any CPU.Build.0 = Debug|Any CPU
		{EF890348-DE0D-4741-A524-205273DE0C62}.Release|Any CPU.ActiveCfg = Release|Any CPU
		{EF890348-DE0D-4741-A524-205273DE0C62}.Release|Any CPU.Build.0 = Release|Any CPU
		{71102AD6-B75B-481B-ADFE-D9769134B23B}.Debug|Any CPU.ActiveCfg = Debug|Any CPU
		{71102AD6-B75B-481B-ADFE-D9769134B23B}.Debug|Any CPU.Build.0 = Debug|Any CPU
		{71102AD6-B75B-481B-ADFE-D9769134B23B}.Release|Any CPU.ActiveCfg = Release|Any CPU
		{71102AD6-B75B-481B-ADFE-D9769134B23B}.Release|Any CPU.Build.0 = Release|Any CPU
		{355EE108-16FD-4846-AF5F-B633063BF9E9}.Debug|Any CPU.ActiveCfg = Debug|Any CPU
		{355EE108-16FD-4846-AF5F-B633063BF9E9}.Debug|Any CPU.Build.0 = Debug|Any CPU
		{355EE108-16FD-4846-AF5F-B633063BF9E9}.Release|Any CPU.ActiveCfg = Release|Any CPU
		{355EE108-16FD-4846-AF5F-B633063BF9E9}.Release|Any CPU.Build.0 = Release|Any CPU
		{4C50C2D2-4CAB-4FAA-96D6-DE412D2817DA}.Debug|Any CPU.ActiveCfg = Debug|Any CPU
		{4C50C2D2-4CAB-4FAA-96D6-DE412D2817DA}.Debug|Any CPU.Build.0 = Debug|Any CPU
		{4C50C2D2-4CAB-4FAA-96D6-DE412D2817DA}.Release|Any CPU.ActiveCfg = Release|Any CPU
		{4C50C2D2-4CAB-4FAA-96D6-DE412D2817DA}.Release|Any CPU.Build.0 = Release|Any CPU
		{FA70C038-FADD-4C79-BC43-61492D667E98}.Debug|Any CPU.ActiveCfg = Debug|Any CPU
		{FA70C038-FADD-4C79-BC43-61492D667E98}.Debug|Any CPU.Build.0 = Debug|Any CPU
		{FA70C038-FADD-4C79-BC43-61492D667E98}.Release|Any CPU.ActiveCfg = Release|Any CPU
		{FA70C038-FADD-4C79-BC43-61492D667E98}.Release|Any CPU.Build.0 = Release|Any CPU
	EndGlobalSection
	GlobalSection(SolutionProperties) = preSolution
		HideSolutionNode = FALSE
	EndGlobalSection
	GlobalSection(NestedProjects) = preSolution
		{27142C06-D423-43CA-B027-DE01035FAA5F} = {215CAFFF-E0B2-4107-86B4-DFB767339781}
		{60122D39-7BBD-4985-B99B-49736D8B1709} = {967A83B8-5E7F-47F1-91A0-B4415587E783}
		{B28C6CDD-7041-4BBC-9390-69004115480A} = {967A83B8-5E7F-47F1-91A0-B4415587E783}
		{068EDBA5-9650-40A7-874A-0ACF66659859} = {215CAFFF-E0B2-4107-86B4-DFB767339781}
		{C572407B-BA88-4810-917E-80BFF3506C7A} = {215CAFFF-E0B2-4107-86B4-DFB767339781}
		{EF890348-DE0D-4741-A524-205273DE0C62} = {215CAFFF-E0B2-4107-86B4-DFB767339781}
		{71102AD6-B75B-481B-ADFE-D9769134B23B} = {215CAFFF-E0B2-4107-86B4-DFB767339781}
		{355EE108-16FD-4846-AF5F-B633063BF9E9} = {215CAFFF-E0B2-4107-86B4-DFB767339781}
		{4C50C2D2-4CAB-4FAA-96D6-DE412D2817DA} = {215CAFFF-E0B2-4107-86B4-DFB767339781}
		{FA70C038-FADD-4C79-BC43-61492D667E98} = {215CAFFF-E0B2-4107-86B4-DFB767339781}
	EndGlobalSection
EndGlobal
