
Microsoft Visual Studio Solution File, Format Version 12.00
# Visual Studio 2013
VisualStudioVersion = 12.0.31101.0
MinimumVisualStudioVersion = 10.0.40219.1
Project("{FAE04EC0-301F-11D3-BF4B-00C04F79EFBC}") = "Lime.Web", "Lime.Web\Lime.Web.csproj", "{7017CC97-1450-4851-A39A-B4A611BC2AA0}"
EndProject
Project("{2150E333-8FDC-42A3-9474-1A3956D46DE8}") = "Solution items", "Solution items", "{B5C3B9C9-FDAD-4CF1-87F0-133A31090FE9}"
	ProjectSection(SolutionItems) = preProject
		..\LICENSE = ..\LICENSE
		..\README.md = ..\README.md
		Takenet.Lime.Protocol.pfx = Takenet.Lime.Protocol.pfx
	EndProjectSection
EndProject
Project("{FAE04EC0-301F-11D3-BF4B-00C04F79EFBC}") = "Lime.Protocol.UnitTests", "Lime.Protocol.UnitTests\Lime.Protocol.UnitTests.csproj", "{1C6D3DB7-ECF0-4013-80EE-76688AED4176}"
EndProject
Project("{FAE04EC0-301F-11D3-BF4B-00C04F79EFBC}") = "Lime.Protocol.Serialization.Newtonsoft", "Lime.Protocol.Serialization.Newtonsoft\Lime.Protocol.Serialization.Newtonsoft.csproj", "{07EF6707-B284-4068-9B2F-48998782BC9F}"
EndProject
Project("{FAE04EC0-301F-11D3-BF4B-00C04F79EFBC}") = "Lime.Protocol.Serialization.Newtonsoft.UnitTests", "Lime.Protocol.Serialization.Newtonsoft.UnitTests\Lime.Protocol.Serialization.Newtonsoft.UnitTests.csproj", "{C51D26F4-E780-4BDE-84FC-AADC6AE63D5B}"
EndProject
Project("{2150E333-8FDC-42A3-9474-1A3956D46DE8}") = "Serialization", "Serialization", "{AFDCE25A-4480-4ED6-8C8F-A41E30ED6689}"
EndProject
Project("{FAE04EC0-301F-11D3-BF4B-00C04F79EFBC}") = "Lime.Transport.Tcp.UnitTests", "Lime.Protocol.Tcp.UnitTests\Lime.Transport.Tcp.UnitTests.csproj", "{690CB13D-5BFC-4D2E-B23C-64BD00B7AF6F}"
EndProject
Project("{2150E333-8FDC-42A3-9474-1A3956D46DE8}") = ".nuget", ".nuget", "{073E3A89-9952-4B92-80B2-DA9F443551AD}"
	ProjectSection(SolutionItems) = preProject
		.nuget\NuGet.Config = .nuget\NuGet.Config
		.nuget\NuGet.exe = .nuget\NuGet.exe
		.nuget\NuGet.targets = .nuget\NuGet.targets
	EndProjectSection
EndProject
Project("{FAE04EC0-301F-11D3-BF4B-00C04F79EFBC}") = "Lime.Client.Windows", "Lime.Client.Windows\Lime.Client.Windows.csproj", "{1847098B-FE9E-4E40-AA69-9E70FAF5D06E}"
EndProject
Project("{2150E333-8FDC-42A3-9474-1A3956D46DE8}") = "Client", "Client", "{9827B4C3-A069-4229-A51A-55E71B94F50C}"
EndProject
Project("{FAE04EC0-301F-11D3-BF4B-00C04F79EFBC}") = "Lime.Client.Console", "Lime.Client.Console\Lime.Client.Console.csproj", "{9CE8A3B9-5900-4D8B-81A6-C33513553E97}"
EndProject
Project("{FAE04EC0-301F-11D3-BF4B-00C04F79EFBC}") = "Lime.Client.TestConsole", "Lime.Client.TestConsole\Lime.Client.TestConsole.csproj", "{9E13148D-726D-4E42-B924-4A1AF4F0DC3E}"
EndProject
Project("{D954291E-2A0B-460D-934E-DC6B0785DB48}") = "Lime.Protocol", "Lime.Protocol\Lime.Protocol\Lime.Protocol.shproj", "{D12C1153-A423-40C6-A611-85C659CAEB7B}"
EndProject
Project("{FAE04EC0-301F-11D3-BF4B-00C04F79EFBC}") = "Lime.Protocol.Net45", "Lime.Protocol\Lime.Protocol.Net45\Lime.Protocol.Net45.csproj", "{0CFEE3A4-F914-4C45-BE13-A344C9CFA134}"
EndProject
Project("{D954291E-2A0B-460D-934E-DC6B0785DB48}") = "Lime.Transport.Tcp", "Lime.Transport.Tcp\Lime.Transport.Tcp\Lime.Transport.Tcp.shproj", "{968A35EF-0800-4F7E-9C93-F444D80A4DA9}"
EndProject
Project("{FAE04EC0-301F-11D3-BF4B-00C04F79EFBC}") = "Lime.Transport.Tcp.Net45", "Lime.Transport.Tcp\Lime.Transport.Tcp.Net45\Lime.Transport.Tcp.Net45.csproj", "{D24B4EF4-9B8C-4F89-BFC6-F76007936382}"
EndProject
Project("{2150E333-8FDC-42A3-9474-1A3956D46DE8}") = "Transports", "Transports", "{84538803-A033-47DD-A350-A04E84F6BAE8}"
EndProject
Project("{FAE04EC0-301F-11D3-BF4B-00C04F79EFBC}") = "Lime.Transport.Http.UnitTests", "Lime.Transport.Http.UnitTests\Lime.Transport.Http.UnitTests.csproj", "{ED45BE37-AD6E-42A2-82C5-13D2B9189868}"
EndProject
Project("{D954291E-2A0B-460D-934E-DC6B0785DB48}") = "Lime.Transport.Http", "Lime.Transport.Http\Lime.Transport.Http\Lime.Transport.Http.shproj", "{797C3CAB-166E-4821-A7C9-9D2B6D53DDC0}"
EndProject
Project("{FAE04EC0-301F-11D3-BF4B-00C04F79EFBC}") = "Lime.Transport.Http.Net45", "Lime.Transport.Http\Lime.Transport.Http.Net45\Lime.Transport.Http.Net45.csproj", "{1095E1BA-C764-46B0-86D1-2290DA9C07AD}"
EndProject
Project("{D954291E-2A0B-460D-934E-DC6B0785DB48}") = "Lime.Messaging", "Lime.Messaging\Lime.Messaging\Lime.Messaging.shproj", "{C6619A1E-E64C-425F-8560-E9B32E9A2887}"
EndProject
Project("{FAE04EC0-301F-11D3-BF4B-00C04F79EFBC}") = "Lime.Messaging.Net45", "Lime.Messaging\Lime.Messaging.Net45\Lime.Messaging.Net45.csproj", "{796A57B4-1FE0-4FE9-940F-E99083DC233A}"
EndProject
Global
	GlobalSection(SharedMSBuildProjectFiles) = preSolution
		Lime.Messaging\Lime.Messaging\Lime.Messaging.projitems*{796a57b4-1fe0-4fe9-940f-e99083dc233a}*SharedItemsImports = 4
		Lime.Messaging\Lime.Messaging\Lime.Messaging.projitems*{c6619a1e-e64c-425f-8560-e9b32e9a2887}*SharedItemsImports = 13
		Lime.Protocol\Lime.Protocol\Lime.Protocol.projitems*{d12c1153-a423-40c6-a611-85c659caeb7b}*SharedItemsImports = 13
		Lime.Transport.Http\Lime.Transport.Http\Lime.Protocol.Http.projitems*{797c3cab-166e-4821-a7c9-9d2b6d53ddc0}*SharedItemsImports = 13
		Lime.Protocol\Lime.Protocol\Lime.Protocol.projitems*{0cfee3a4-f914-4c45-be13-a344c9cfa134}*SharedItemsImports = 4
		Lime.Transport.Tcp\Lime.Transport.Tcp\Lime.Protocol.Tcp.projitems*{968a35ef-0800-4f7e-9c93-f444d80a4da9}*SharedItemsImports = 13
	EndGlobalSection
	GlobalSection(SolutionConfigurationPlatforms) = preSolution
		Ad-Hoc|Any CPU = Ad-Hoc|Any CPU
		Ad-Hoc|x86 = Ad-Hoc|x86
		AppStore|Any CPU = AppStore|Any CPU
		AppStore|x86 = AppStore|x86
		Debug|Any CPU = Debug|Any CPU
		Debug|x86 = Debug|x86
		Release|Any CPU = Release|Any CPU
		Release|x86 = Release|x86
	EndGlobalSection
	GlobalSection(ProjectConfigurationPlatforms) = postSolution
		{7017CC97-1450-4851-A39A-B4A611BC2AA0}.Ad-Hoc|Any CPU.ActiveCfg = Release|Any CPU
		{7017CC97-1450-4851-A39A-B4A611BC2AA0}.Ad-Hoc|Any CPU.Build.0 = Release|Any CPU
		{7017CC97-1450-4851-A39A-B4A611BC2AA0}.Ad-Hoc|x86.ActiveCfg = Release|Any CPU
		{7017CC97-1450-4851-A39A-B4A611BC2AA0}.AppStore|Any CPU.ActiveCfg = Release|Any CPU
		{7017CC97-1450-4851-A39A-B4A611BC2AA0}.AppStore|Any CPU.Build.0 = Release|Any CPU
		{7017CC97-1450-4851-A39A-B4A611BC2AA0}.AppStore|x86.ActiveCfg = Release|Any CPU
		{7017CC97-1450-4851-A39A-B4A611BC2AA0}.Debug|Any CPU.ActiveCfg = Debug|Any CPU
		{7017CC97-1450-4851-A39A-B4A611BC2AA0}.Debug|Any CPU.Build.0 = Debug|Any CPU
		{7017CC97-1450-4851-A39A-B4A611BC2AA0}.Debug|x86.ActiveCfg = Debug|Any CPU
		{7017CC97-1450-4851-A39A-B4A611BC2AA0}.Release|Any CPU.ActiveCfg = Release|Any CPU
		{7017CC97-1450-4851-A39A-B4A611BC2AA0}.Release|Any CPU.Build.0 = Release|Any CPU
		{7017CC97-1450-4851-A39A-B4A611BC2AA0}.Release|x86.ActiveCfg = Release|Any CPU
		{1C6D3DB7-ECF0-4013-80EE-76688AED4176}.Ad-Hoc|Any CPU.ActiveCfg = Release|Any CPU
		{1C6D3DB7-ECF0-4013-80EE-76688AED4176}.Ad-Hoc|Any CPU.Build.0 = Release|Any CPU
		{1C6D3DB7-ECF0-4013-80EE-76688AED4176}.Ad-Hoc|x86.ActiveCfg = Release|Any CPU
		{1C6D3DB7-ECF0-4013-80EE-76688AED4176}.AppStore|Any CPU.ActiveCfg = Release|Any CPU
		{1C6D3DB7-ECF0-4013-80EE-76688AED4176}.AppStore|Any CPU.Build.0 = Release|Any CPU
		{1C6D3DB7-ECF0-4013-80EE-76688AED4176}.AppStore|x86.ActiveCfg = Release|Any CPU
		{1C6D3DB7-ECF0-4013-80EE-76688AED4176}.Debug|Any CPU.ActiveCfg = Debug|Any CPU
		{1C6D3DB7-ECF0-4013-80EE-76688AED4176}.Debug|Any CPU.Build.0 = Debug|Any CPU
		{1C6D3DB7-ECF0-4013-80EE-76688AED4176}.Debug|x86.ActiveCfg = Debug|Any CPU
		{1C6D3DB7-ECF0-4013-80EE-76688AED4176}.Release|Any CPU.ActiveCfg = Release|Any CPU
		{1C6D3DB7-ECF0-4013-80EE-76688AED4176}.Release|Any CPU.Build.0 = Release|Any CPU
		{1C6D3DB7-ECF0-4013-80EE-76688AED4176}.Release|x86.ActiveCfg = Release|Any CPU
		{07EF6707-B284-4068-9B2F-48998782BC9F}.Ad-Hoc|Any CPU.ActiveCfg = Release|Any CPU
		{07EF6707-B284-4068-9B2F-48998782BC9F}.Ad-Hoc|Any CPU.Build.0 = Release|Any CPU
		{07EF6707-B284-4068-9B2F-48998782BC9F}.Ad-Hoc|x86.ActiveCfg = Release|Any CPU
		{07EF6707-B284-4068-9B2F-48998782BC9F}.AppStore|Any CPU.ActiveCfg = Release|Any CPU
		{07EF6707-B284-4068-9B2F-48998782BC9F}.AppStore|Any CPU.Build.0 = Release|Any CPU
		{07EF6707-B284-4068-9B2F-48998782BC9F}.AppStore|x86.ActiveCfg = Release|Any CPU
		{07EF6707-B284-4068-9B2F-48998782BC9F}.Debug|Any CPU.ActiveCfg = Debug|Any CPU
		{07EF6707-B284-4068-9B2F-48998782BC9F}.Debug|Any CPU.Build.0 = Debug|Any CPU
		{07EF6707-B284-4068-9B2F-48998782BC9F}.Debug|x86.ActiveCfg = Debug|Any CPU
		{07EF6707-B284-4068-9B2F-48998782BC9F}.Release|Any CPU.ActiveCfg = Release|Any CPU
		{07EF6707-B284-4068-9B2F-48998782BC9F}.Release|Any CPU.Build.0 = Release|Any CPU
		{07EF6707-B284-4068-9B2F-48998782BC9F}.Release|x86.ActiveCfg = Release|Any CPU
		{C51D26F4-E780-4BDE-84FC-AADC6AE63D5B}.Ad-Hoc|Any CPU.ActiveCfg = Release|Any CPU
		{C51D26F4-E780-4BDE-84FC-AADC6AE63D5B}.Ad-Hoc|Any CPU.Build.0 = Release|Any CPU
		{C51D26F4-E780-4BDE-84FC-AADC6AE63D5B}.Ad-Hoc|x86.ActiveCfg = Release|Any CPU
		{C51D26F4-E780-4BDE-84FC-AADC6AE63D5B}.AppStore|Any CPU.ActiveCfg = Release|Any CPU
		{C51D26F4-E780-4BDE-84FC-AADC6AE63D5B}.AppStore|Any CPU.Build.0 = Release|Any CPU
		{C51D26F4-E780-4BDE-84FC-AADC6AE63D5B}.AppStore|x86.ActiveCfg = Release|Any CPU
		{C51D26F4-E780-4BDE-84FC-AADC6AE63D5B}.Debug|Any CPU.ActiveCfg = Debug|Any CPU
		{C51D26F4-E780-4BDE-84FC-AADC6AE63D5B}.Debug|Any CPU.Build.0 = Debug|Any CPU
		{C51D26F4-E780-4BDE-84FC-AADC6AE63D5B}.Debug|x86.ActiveCfg = Debug|Any CPU
		{C51D26F4-E780-4BDE-84FC-AADC6AE63D5B}.Release|Any CPU.ActiveCfg = Release|Any CPU
		{C51D26F4-E780-4BDE-84FC-AADC6AE63D5B}.Release|Any CPU.Build.0 = Release|Any CPU
		{C51D26F4-E780-4BDE-84FC-AADC6AE63D5B}.Release|x86.ActiveCfg = Release|Any CPU
		{690CB13D-5BFC-4D2E-B23C-64BD00B7AF6F}.Ad-Hoc|Any CPU.ActiveCfg = Release|Any CPU
		{690CB13D-5BFC-4D2E-B23C-64BD00B7AF6F}.Ad-Hoc|Any CPU.Build.0 = Release|Any CPU
		{690CB13D-5BFC-4D2E-B23C-64BD00B7AF6F}.Ad-Hoc|x86.ActiveCfg = Release|Any CPU
		{690CB13D-5BFC-4D2E-B23C-64BD00B7AF6F}.AppStore|Any CPU.ActiveCfg = Release|Any CPU
		{690CB13D-5BFC-4D2E-B23C-64BD00B7AF6F}.AppStore|Any CPU.Build.0 = Release|Any CPU
		{690CB13D-5BFC-4D2E-B23C-64BD00B7AF6F}.AppStore|x86.ActiveCfg = Release|Any CPU
		{690CB13D-5BFC-4D2E-B23C-64BD00B7AF6F}.Debug|Any CPU.ActiveCfg = Debug|Any CPU
		{690CB13D-5BFC-4D2E-B23C-64BD00B7AF6F}.Debug|Any CPU.Build.0 = Debug|Any CPU
		{690CB13D-5BFC-4D2E-B23C-64BD00B7AF6F}.Debug|x86.ActiveCfg = Debug|Any CPU
		{690CB13D-5BFC-4D2E-B23C-64BD00B7AF6F}.Release|Any CPU.ActiveCfg = Release|Any CPU
		{690CB13D-5BFC-4D2E-B23C-64BD00B7AF6F}.Release|Any CPU.Build.0 = Release|Any CPU
		{690CB13D-5BFC-4D2E-B23C-64BD00B7AF6F}.Release|x86.ActiveCfg = Release|Any CPU
		{1847098B-FE9E-4E40-AA69-9E70FAF5D06E}.Ad-Hoc|Any CPU.ActiveCfg = Release|Any CPU
		{1847098B-FE9E-4E40-AA69-9E70FAF5D06E}.Ad-Hoc|Any CPU.Build.0 = Release|Any CPU
		{1847098B-FE9E-4E40-AA69-9E70FAF5D06E}.Ad-Hoc|x86.ActiveCfg = Release|Any CPU
		{1847098B-FE9E-4E40-AA69-9E70FAF5D06E}.AppStore|Any CPU.ActiveCfg = Release|Any CPU
		{1847098B-FE9E-4E40-AA69-9E70FAF5D06E}.AppStore|Any CPU.Build.0 = Release|Any CPU
		{1847098B-FE9E-4E40-AA69-9E70FAF5D06E}.AppStore|x86.ActiveCfg = Release|Any CPU
		{1847098B-FE9E-4E40-AA69-9E70FAF5D06E}.Debug|Any CPU.ActiveCfg = Debug|Any CPU
		{1847098B-FE9E-4E40-AA69-9E70FAF5D06E}.Debug|Any CPU.Build.0 = Debug|Any CPU
		{1847098B-FE9E-4E40-AA69-9E70FAF5D06E}.Debug|x86.ActiveCfg = Debug|Any CPU
		{1847098B-FE9E-4E40-AA69-9E70FAF5D06E}.Release|Any CPU.ActiveCfg = Release|Any CPU
		{1847098B-FE9E-4E40-AA69-9E70FAF5D06E}.Release|Any CPU.Build.0 = Release|Any CPU
		{1847098B-FE9E-4E40-AA69-9E70FAF5D06E}.Release|x86.ActiveCfg = Release|Any CPU
		{9CE8A3B9-5900-4D8B-81A6-C33513553E97}.Ad-Hoc|Any CPU.ActiveCfg = Release|Any CPU
		{9CE8A3B9-5900-4D8B-81A6-C33513553E97}.Ad-Hoc|Any CPU.Build.0 = Release|Any CPU
		{9CE8A3B9-5900-4D8B-81A6-C33513553E97}.Ad-Hoc|x86.ActiveCfg = Release|Any CPU
		{9CE8A3B9-5900-4D8B-81A6-C33513553E97}.AppStore|Any CPU.ActiveCfg = Release|Any CPU
		{9CE8A3B9-5900-4D8B-81A6-C33513553E97}.AppStore|Any CPU.Build.0 = Release|Any CPU
		{9CE8A3B9-5900-4D8B-81A6-C33513553E97}.AppStore|x86.ActiveCfg = Release|Any CPU
		{9CE8A3B9-5900-4D8B-81A6-C33513553E97}.Debug|Any CPU.ActiveCfg = Debug|Any CPU
		{9CE8A3B9-5900-4D8B-81A6-C33513553E97}.Debug|Any CPU.Build.0 = Debug|Any CPU
		{9CE8A3B9-5900-4D8B-81A6-C33513553E97}.Debug|x86.ActiveCfg = Debug|Any CPU
		{9CE8A3B9-5900-4D8B-81A6-C33513553E97}.Release|Any CPU.ActiveCfg = Release|Any CPU
		{9CE8A3B9-5900-4D8B-81A6-C33513553E97}.Release|Any CPU.Build.0 = Release|Any CPU
		{9CE8A3B9-5900-4D8B-81A6-C33513553E97}.Release|x86.ActiveCfg = Release|Any CPU
		{9E13148D-726D-4E42-B924-4A1AF4F0DC3E}.Ad-Hoc|Any CPU.ActiveCfg = Release|Any CPU
		{9E13148D-726D-4E42-B924-4A1AF4F0DC3E}.Ad-Hoc|Any CPU.Build.0 = Release|Any CPU
		{9E13148D-726D-4E42-B924-4A1AF4F0DC3E}.Ad-Hoc|x86.ActiveCfg = Release|Any CPU
		{9E13148D-726D-4E42-B924-4A1AF4F0DC3E}.AppStore|Any CPU.ActiveCfg = Release|Any CPU
		{9E13148D-726D-4E42-B924-4A1AF4F0DC3E}.AppStore|Any CPU.Build.0 = Release|Any CPU
		{9E13148D-726D-4E42-B924-4A1AF4F0DC3E}.AppStore|x86.ActiveCfg = Release|Any CPU
		{9E13148D-726D-4E42-B924-4A1AF4F0DC3E}.Debug|Any CPU.ActiveCfg = Debug|Any CPU
		{9E13148D-726D-4E42-B924-4A1AF4F0DC3E}.Debug|Any CPU.Build.0 = Debug|Any CPU
		{9E13148D-726D-4E42-B924-4A1AF4F0DC3E}.Debug|x86.ActiveCfg = Debug|Any CPU
		{9E13148D-726D-4E42-B924-4A1AF4F0DC3E}.Release|Any CPU.ActiveCfg = Release|Any CPU
		{9E13148D-726D-4E42-B924-4A1AF4F0DC3E}.Release|Any CPU.Build.0 = Release|Any CPU
		{9E13148D-726D-4E42-B924-4A1AF4F0DC3E}.Release|x86.ActiveCfg = Release|Any CPU
		{0CFEE3A4-F914-4C45-BE13-A344C9CFA134}.Ad-Hoc|Any CPU.ActiveCfg = Release|Any CPU
		{0CFEE3A4-F914-4C45-BE13-A344C9CFA134}.Ad-Hoc|Any CPU.Build.0 = Release|Any CPU
		{0CFEE3A4-F914-4C45-BE13-A344C9CFA134}.Ad-Hoc|x86.ActiveCfg = Release|Any CPU
		{0CFEE3A4-F914-4C45-BE13-A344C9CFA134}.AppStore|Any CPU.ActiveCfg = Release|Any CPU
		{0CFEE3A4-F914-4C45-BE13-A344C9CFA134}.AppStore|Any CPU.Build.0 = Release|Any CPU
		{0CFEE3A4-F914-4C45-BE13-A344C9CFA134}.AppStore|x86.ActiveCfg = Release|Any CPU
		{0CFEE3A4-F914-4C45-BE13-A344C9CFA134}.Debug|Any CPU.ActiveCfg = Debug|Any CPU
		{0CFEE3A4-F914-4C45-BE13-A344C9CFA134}.Debug|Any CPU.Build.0 = Debug|Any CPU
		{0CFEE3A4-F914-4C45-BE13-A344C9CFA134}.Debug|x86.ActiveCfg = Debug|Any CPU
		{0CFEE3A4-F914-4C45-BE13-A344C9CFA134}.Release|Any CPU.ActiveCfg = Release|Any CPU
		{0CFEE3A4-F914-4C45-BE13-A344C9CFA134}.Release|Any CPU.Build.0 = Release|Any CPU
		{0CFEE3A4-F914-4C45-BE13-A344C9CFA134}.Release|x86.ActiveCfg = Release|Any CPU
		{D24B4EF4-9B8C-4F89-BFC6-F76007936382}.Ad-Hoc|Any CPU.ActiveCfg = Release|Any CPU
		{D24B4EF4-9B8C-4F89-BFC6-F76007936382}.Ad-Hoc|Any CPU.Build.0 = Release|Any CPU
		{D24B4EF4-9B8C-4F89-BFC6-F76007936382}.Ad-Hoc|x86.ActiveCfg = Release|Any CPU
		{D24B4EF4-9B8C-4F89-BFC6-F76007936382}.AppStore|Any CPU.ActiveCfg = Release|Any CPU
		{D24B4EF4-9B8C-4F89-BFC6-F76007936382}.AppStore|Any CPU.Build.0 = Release|Any CPU
		{D24B4EF4-9B8C-4F89-BFC6-F76007936382}.AppStore|x86.ActiveCfg = Release|Any CPU
		{D24B4EF4-9B8C-4F89-BFC6-F76007936382}.Debug|Any CPU.ActiveCfg = Debug|Any CPU
		{D24B4EF4-9B8C-4F89-BFC6-F76007936382}.Debug|Any CPU.Build.0 = Debug|Any CPU
		{D24B4EF4-9B8C-4F89-BFC6-F76007936382}.Debug|x86.ActiveCfg = Debug|Any CPU
		{D24B4EF4-9B8C-4F89-BFC6-F76007936382}.Release|Any CPU.ActiveCfg = Release|Any CPU
		{D24B4EF4-9B8C-4F89-BFC6-F76007936382}.Release|Any CPU.Build.0 = Release|Any CPU
		{D24B4EF4-9B8C-4F89-BFC6-F76007936382}.Release|x86.ActiveCfg = Release|Any CPU
		{ED45BE37-AD6E-42A2-82C5-13D2B9189868}.Ad-Hoc|Any CPU.ActiveCfg = Release|Any CPU
		{ED45BE37-AD6E-42A2-82C5-13D2B9189868}.Ad-Hoc|Any CPU.Build.0 = Release|Any CPU
		{ED45BE37-AD6E-42A2-82C5-13D2B9189868}.Ad-Hoc|x86.ActiveCfg = Release|Any CPU
		{ED45BE37-AD6E-42A2-82C5-13D2B9189868}.AppStore|Any CPU.ActiveCfg = Release|Any CPU
		{ED45BE37-AD6E-42A2-82C5-13D2B9189868}.AppStore|Any CPU.Build.0 = Release|Any CPU
		{ED45BE37-AD6E-42A2-82C5-13D2B9189868}.AppStore|x86.ActiveCfg = Release|Any CPU
		{ED45BE37-AD6E-42A2-82C5-13D2B9189868}.Debug|Any CPU.ActiveCfg = Debug|Any CPU
		{ED45BE37-AD6E-42A2-82C5-13D2B9189868}.Debug|Any CPU.Build.0 = Debug|Any CPU
		{ED45BE37-AD6E-42A2-82C5-13D2B9189868}.Debug|x86.ActiveCfg = Debug|Any CPU
		{ED45BE37-AD6E-42A2-82C5-13D2B9189868}.Release|Any CPU.ActiveCfg = Release|Any CPU
		{ED45BE37-AD6E-42A2-82C5-13D2B9189868}.Release|Any CPU.Build.0 = Release|Any CPU
		{ED45BE37-AD6E-42A2-82C5-13D2B9189868}.Release|x86.ActiveCfg = Release|Any CPU
		{1095E1BA-C764-46B0-86D1-2290DA9C07AD}.Ad-Hoc|Any CPU.ActiveCfg = Release|Any CPU
		{1095E1BA-C764-46B0-86D1-2290DA9C07AD}.Ad-Hoc|Any CPU.Build.0 = Release|Any CPU
		{1095E1BA-C764-46B0-86D1-2290DA9C07AD}.Ad-Hoc|x86.ActiveCfg = Release|Any CPU
		{1095E1BA-C764-46B0-86D1-2290DA9C07AD}.AppStore|Any CPU.ActiveCfg = Release|Any CPU
		{1095E1BA-C764-46B0-86D1-2290DA9C07AD}.AppStore|Any CPU.Build.0 = Release|Any CPU
		{1095E1BA-C764-46B0-86D1-2290DA9C07AD}.AppStore|x86.ActiveCfg = Release|Any CPU
		{1095E1BA-C764-46B0-86D1-2290DA9C07AD}.Debug|Any CPU.ActiveCfg = Debug|Any CPU
		{1095E1BA-C764-46B0-86D1-2290DA9C07AD}.Debug|Any CPU.Build.0 = Debug|Any CPU
		{1095E1BA-C764-46B0-86D1-2290DA9C07AD}.Debug|x86.ActiveCfg = Debug|Any CPU
		{1095E1BA-C764-46B0-86D1-2290DA9C07AD}.Release|Any CPU.ActiveCfg = Release|Any CPU
		{1095E1BA-C764-46B0-86D1-2290DA9C07AD}.Release|Any CPU.Build.0 = Release|Any CPU
		{1095E1BA-C764-46B0-86D1-2290DA9C07AD}.Release|x86.ActiveCfg = Release|Any CPU
		{796A57B4-1FE0-4FE9-940F-E99083DC233A}.Ad-Hoc|Any CPU.ActiveCfg = Release|Any CPU
		{796A57B4-1FE0-4FE9-940F-E99083DC233A}.Ad-Hoc|Any CPU.Build.0 = Release|Any CPU
		{796A57B4-1FE0-4FE9-940F-E99083DC233A}.Ad-Hoc|x86.ActiveCfg = Release|Any CPU
		{796A57B4-1FE0-4FE9-940F-E99083DC233A}.AppStore|Any CPU.ActiveCfg = Release|Any CPU
		{796A57B4-1FE0-4FE9-940F-E99083DC233A}.AppStore|Any CPU.Build.0 = Release|Any CPU
		{796A57B4-1FE0-4FE9-940F-E99083DC233A}.AppStore|x86.ActiveCfg = Release|Any CPU
		{796A57B4-1FE0-4FE9-940F-E99083DC233A}.Debug|Any CPU.ActiveCfg = Debug|Any CPU
		{796A57B4-1FE0-4FE9-940F-E99083DC233A}.Debug|Any CPU.Build.0 = Debug|Any CPU
		{796A57B4-1FE0-4FE9-940F-E99083DC233A}.Debug|x86.ActiveCfg = Debug|Any CPU
		{796A57B4-1FE0-4FE9-940F-E99083DC233A}.Release|Any CPU.ActiveCfg = Release|Any CPU
		{796A57B4-1FE0-4FE9-940F-E99083DC233A}.Release|Any CPU.Build.0 = Release|Any CPU
		{796A57B4-1FE0-4FE9-940F-E99083DC233A}.Release|x86.ActiveCfg = Release|Any CPU
	EndGlobalSection
	GlobalSection(SolutionProperties) = preSolution
		HideSolutionNode = FALSE
	EndGlobalSection
	GlobalSection(NestedProjects) = preSolution
		{07EF6707-B284-4068-9B2F-48998782BC9F} = {AFDCE25A-4480-4ED6-8C8F-A41E30ED6689}
		{C51D26F4-E780-4BDE-84FC-AADC6AE63D5B} = {AFDCE25A-4480-4ED6-8C8F-A41E30ED6689}
		{690CB13D-5BFC-4D2E-B23C-64BD00B7AF6F} = {84538803-A033-47DD-A350-A04E84F6BAE8}
		{1847098B-FE9E-4E40-AA69-9E70FAF5D06E} = {9827B4C3-A069-4229-A51A-55E71B94F50C}
		{9CE8A3B9-5900-4D8B-81A6-C33513553E97} = {9827B4C3-A069-4229-A51A-55E71B94F50C}
		{9E13148D-726D-4E42-B924-4A1AF4F0DC3E} = {9827B4C3-A069-4229-A51A-55E71B94F50C}
		{968A35EF-0800-4F7E-9C93-F444D80A4DA9} = {84538803-A033-47DD-A350-A04E84F6BAE8}
		{D24B4EF4-9B8C-4F89-BFC6-F76007936382} = {84538803-A033-47DD-A350-A04E84F6BAE8}
		{ED45BE37-AD6E-42A2-82C5-13D2B9189868} = {84538803-A033-47DD-A350-A04E84F6BAE8}
		{797C3CAB-166E-4821-A7C9-9D2B6D53DDC0} = {84538803-A033-47DD-A350-A04E84F6BAE8}
		{1095E1BA-C764-46B0-86D1-2290DA9C07AD} = {84538803-A033-47DD-A350-A04E84F6BAE8}
	EndGlobalSection
EndGlobal
